// !$*UTF8*$!
{
	archiveVersion = 1;
	classes = {
	};
	objectVersion = 46;
	objects = {

/* Begin PBXBuildFile section */
		087C79A4D8B1642D7F9676D4 /* lineEffectLine.cpp in Sources */ = {isa = PBXBuildFile; fileRef = 7ED21C2D7A0039C25D650078 /* lineEffectLine.cpp */; };
		20A789B9414F7D09F4A497DE /* shapesServer.cpp in Sources */ = {isa = PBXBuildFile; fileRef = 474F5C0B2D65582B7B6AF59F /* shapesServer.cpp */; };
		40B7466515686602BE33EBD4 /* vertexShape.cpp in Sources */ = {isa = PBXBuildFile; fileRef = 4A926F24D06782E7BDB31FBA /* vertexShape.cpp */; };
		4DC317F76A962C12815D6D2F /* karmaSoundAnalyser.cpp in Sources */ = {isa = PBXBuildFile; fileRef = 95FC55B54A37A11F5459C828 /* karmaSoundAnalyser.cpp */; };
		50F666D143E446BDF89A7744 /* basicEffect.cpp in Sources */ = {isa = PBXBuildFile; fileRef = 3EA6183E7E925AEF111E8587 /* basicEffect.cpp */; };
		636C153A8236D32CF4313857 /* basicShape.cpp in Sources */ = {isa = PBXBuildFile; fileRef = 7B955C26665CFEE341F15A54 /* basicShape.cpp */; };
		85F1E8521AB8308300A27B0E /* ofxXmlSettings.cpp in Sources */ = {isa = PBXBuildFile; fileRef = 85F1E84B1AB8308300A27B0E /* ofxXmlSettings.cpp */; };
		85F1E8531AB8308300A27B0E /* tinyxml.cpp in Sources */ = {isa = PBXBuildFile; fileRef = 85F1E84E1AB8308300A27B0E /* tinyxml.cpp */; };
		85F1E8541AB8308300A27B0E /* tinyxmlerror.cpp in Sources */ = {isa = PBXBuildFile; fileRef = 85F1E8501AB8308300A27B0E /* tinyxmlerror.cpp */; };
		85F1E8551AB8308300A27B0E /* tinyxmlparser.cpp in Sources */ = {isa = PBXBuildFile; fileRef = 85F1E8511AB8308300A27B0E /* tinyxmlparser.cpp */; };
		85F1E8B61AB830A100A27B0E /* ofxUI2DGraph.cpp in Sources */ = {isa = PBXBuildFile; fileRef = 85F1E8591AB830A100A27B0E /* ofxUI2DGraph.cpp */; };
		85F1E8B71AB830A100A27B0E /* ofxUI2DPad.cpp in Sources */ = {isa = PBXBuildFile; fileRef = 85F1E85B1AB830A100A27B0E /* ofxUI2DPad.cpp */; };
		85F1E8B81AB830A100A27B0E /* ofxUIBaseDraws.cpp in Sources */ = {isa = PBXBuildFile; fileRef = 85F1E85D1AB830A100A27B0E /* ofxUIBaseDraws.cpp */; };
		85F1E8B91AB830A100A27B0E /* ofxUIBiLabelSlider.cpp in Sources */ = {isa = PBXBuildFile; fileRef = 85F1E85F1AB830A100A27B0E /* ofxUIBiLabelSlider.cpp */; };
		85F1E8BA1AB830A100A27B0E /* ofxUIButton.cpp in Sources */ = {isa = PBXBuildFile; fileRef = 85F1E8611AB830A100A27B0E /* ofxUIButton.cpp */; };
		85F1E8BB1AB830A100A27B0E /* ofxUICanvas.cpp in Sources */ = {isa = PBXBuildFile; fileRef = 85F1E8631AB830A100A27B0E /* ofxUICanvas.cpp */; };
		85F1E8BC1AB830A100A27B0E /* ofxUICircleSlider.cpp in Sources */ = {isa = PBXBuildFile; fileRef = 85F1E8651AB830A100A27B0E /* ofxUICircleSlider.cpp */; };
		85F1E8BD1AB830A100A27B0E /* ofxUIDragableLabelButton.cpp in Sources */ = {isa = PBXBuildFile; fileRef = 85F1E8681AB830A100A27B0E /* ofxUIDragableLabelButton.cpp */; };
		85F1E8BE1AB830A100A27B0E /* ofxUIDropDownList.cpp in Sources */ = {isa = PBXBuildFile; fileRef = 85F1E86A1AB830A100A27B0E /* ofxUIDropDownList.cpp */; };
		85F1E8BF1AB830A100A27B0E /* ofxUIEventArgs.cpp in Sources */ = {isa = PBXBuildFile; fileRef = 85F1E86C1AB830A100A27B0E /* ofxUIEventArgs.cpp */; };
		85F1E8C01AB830A100A27B0E /* ofxUIFPS.cpp in Sources */ = {isa = PBXBuildFile; fileRef = 85F1E86E1AB830A100A27B0E /* ofxUIFPS.cpp */; };
		85F1E8C11AB830A100A27B0E /* ofxUIFPSSlider.cpp in Sources */ = {isa = PBXBuildFile; fileRef = 85F1E8701AB830A100A27B0E /* ofxUIFPSSlider.cpp */; };
		85F1E8C21AB830A100A27B0E /* ofxUIImage.cpp in Sources */ = {isa = PBXBuildFile; fileRef = 85F1E8721AB830A100A27B0E /* ofxUIImage.cpp */; };
		85F1E8C31AB830A100A27B0E /* ofxUIImageButton.cpp in Sources */ = {isa = PBXBuildFile; fileRef = 85F1E8741AB830A100A27B0E /* ofxUIImageButton.cpp */; };
		85F1E8C41AB830A100A27B0E /* ofxUIImageSampler.cpp in Sources */ = {isa = PBXBuildFile; fileRef = 85F1E8761AB830A100A27B0E /* ofxUIImageSampler.cpp */; };
		85F1E8C51AB830A100A27B0E /* ofxUIImageSlider.cpp in Sources */ = {isa = PBXBuildFile; fileRef = 85F1E8781AB830A100A27B0E /* ofxUIImageSlider.cpp */; };
		85F1E8C61AB830A100A27B0E /* ofxUIImageToggle.cpp in Sources */ = {isa = PBXBuildFile; fileRef = 85F1E87A1AB830A100A27B0E /* ofxUIImageToggle.cpp */; };
		85F1E8C71AB830A100A27B0E /* ofxUILabel.cpp in Sources */ = {isa = PBXBuildFile; fileRef = 85F1E87C1AB830A100A27B0E /* ofxUILabel.cpp */; };
		85F1E8C81AB830A100A27B0E /* ofxUILabelButton.cpp in Sources */ = {isa = PBXBuildFile; fileRef = 85F1E87E1AB830A100A27B0E /* ofxUILabelButton.cpp */; };
		85F1E8C91AB830A100A27B0E /* ofxUILabelToggle.cpp in Sources */ = {isa = PBXBuildFile; fileRef = 85F1E8801AB830A100A27B0E /* ofxUILabelToggle.cpp */; };
		85F1E8CA1AB830A100A27B0E /* ofxUIMinimalSlider.cpp in Sources */ = {isa = PBXBuildFile; fileRef = 85F1E8821AB830A100A27B0E /* ofxUIMinimalSlider.cpp */; };
		85F1E8CB1AB830A100A27B0E /* ofxUIMovingGraph.cpp in Sources */ = {isa = PBXBuildFile; fileRef = 85F1E8841AB830A100A27B0E /* ofxUIMovingGraph.cpp */; };
		85F1E8CC1AB830A100A27B0E /* ofxUIMultiImageButton.cpp in Sources */ = {isa = PBXBuildFile; fileRef = 85F1E8861AB830A100A27B0E /* ofxUIMultiImageButton.cpp */; };
		85F1E8CD1AB830A100A27B0E /* ofxUIMultiImageToggle.cpp in Sources */ = {isa = PBXBuildFile; fileRef = 85F1E8881AB830A100A27B0E /* ofxUIMultiImageToggle.cpp */; };
		85F1E8CE1AB830A100A27B0E /* ofxUINumberDialer.cpp in Sources */ = {isa = PBXBuildFile; fileRef = 85F1E88A1AB830A100A27B0E /* ofxUINumberDialer.cpp */; };
		85F1E8CF1AB830A100A27B0E /* ofxUIRadio.cpp in Sources */ = {isa = PBXBuildFile; fileRef = 85F1E88D1AB830A100A27B0E /* ofxUIRadio.cpp */; };
		85F1E8D01AB830A100A27B0E /* ofxUIRangeSlider.cpp in Sources */ = {isa = PBXBuildFile; fileRef = 85F1E88F1AB830A100A27B0E /* ofxUIRangeSlider.cpp */; };
		85F1E8D11AB830A100A27B0E /* ofxUIRectangle.cpp in Sources */ = {isa = PBXBuildFile; fileRef = 85F1E8911AB830A100A27B0E /* ofxUIRectangle.cpp */; };
		85F1E8D21AB830A100A27B0E /* ofxUIRotarySlider.cpp in Sources */ = {isa = PBXBuildFile; fileRef = 85F1E8931AB830A100A27B0E /* ofxUIRotarySlider.cpp */; };
		85F1E8D31AB830A100A27B0E /* ofxUIScrollableCanvas.cpp in Sources */ = {isa = PBXBuildFile; fileRef = 85F1E8951AB830A100A27B0E /* ofxUIScrollableCanvas.cpp */; };
		85F1E8D41AB830A100A27B0E /* ofxUISlider.cpp in Sources */ = {isa = PBXBuildFile; fileRef = 85F1E8971AB830A100A27B0E /* ofxUISlider.cpp */; };
		85F1E8D51AB830A100A27B0E /* ofxUISortableList.cpp in Sources */ = {isa = PBXBuildFile; fileRef = 85F1E8991AB830A100A27B0E /* ofxUISortableList.cpp */; };
		85F1E8D61AB830A100A27B0E /* ofxUISpacer.cpp in Sources */ = {isa = PBXBuildFile; fileRef = 85F1E89B1AB830A100A27B0E /* ofxUISpacer.cpp */; };
		85F1E8D71AB830A100A27B0E /* ofxUISpectrum.cpp in Sources */ = {isa = PBXBuildFile; fileRef = 85F1E89D1AB830A100A27B0E /* ofxUISpectrum.cpp */; };
		85F1E8D81AB830A100A27B0E /* ofxUISuperCanvas.cpp in Sources */ = {isa = PBXBuildFile; fileRef = 85F1E89F1AB830A100A27B0E /* ofxUISuperCanvas.cpp */; };
		85F1E8D91AB830A100A27B0E /* ofxUITabBar.cpp in Sources */ = {isa = PBXBuildFile; fileRef = 85F1E8A11AB830A100A27B0E /* ofxUITabBar.cpp */; };
		85F1E8DA1AB830A100A27B0E /* ofxUITextArea.cpp in Sources */ = {isa = PBXBuildFile; fileRef = 85F1E8A31AB830A100A27B0E /* ofxUITextArea.cpp */; };
		85F1E8DB1AB830A100A27B0E /* ofxUITextInput.cpp in Sources */ = {isa = PBXBuildFile; fileRef = 85F1E8A51AB830A100A27B0E /* ofxUITextInput.cpp */; };
		85F1E8DC1AB830A100A27B0E /* ofxUIToggle.cpp in Sources */ = {isa = PBXBuildFile; fileRef = 85F1E8A71AB830A100A27B0E /* ofxUIToggle.cpp */; };
		85F1E8DD1AB830A100A27B0E /* ofxUIToggleMatrix.cpp in Sources */ = {isa = PBXBuildFile; fileRef = 85F1E8A91AB830A100A27B0E /* ofxUIToggleMatrix.cpp */; };
		85F1E8DE1AB830A100A27B0E /* ofxUIValuePlotter.cpp in Sources */ = {isa = PBXBuildFile; fileRef = 85F1E8AC1AB830A100A27B0E /* ofxUIValuePlotter.cpp */; };
		85F1E8DF1AB830A100A27B0E /* ofxUIWaveform.cpp in Sources */ = {isa = PBXBuildFile; fileRef = 85F1E8AE1AB830A100A27B0E /* ofxUIWaveform.cpp */; };
		85F1E8E01AB830A100A27B0E /* ofxUIWidget.cpp in Sources */ = {isa = PBXBuildFile; fileRef = 85F1E8B01AB830A100A27B0E /* ofxUIWidget.cpp */; };
		85F1E8E11AB830A100A27B0E /* ofxUIWidgetWithLabel.cpp in Sources */ = {isa = PBXBuildFile; fileRef = 85F1E8B31AB830A100A27B0E /* ofxUIWidgetWithLabel.cpp */; };
		85F1E8E91AB830C200A27B0E /* ofxTrueTypeFontUC.cpp in Sources */ = {isa = PBXBuildFile; fileRef = 85F1E8E71AB830C200A27B0E /* ofxTrueTypeFontUC.cpp */; };
		85F1E8FE1AB830F700A27B0E /* EventHandler.cpp in Sources */ = {isa = PBXBuildFile; fileRef = 85F1E8EE1AB830F700A27B0E /* EventHandler.cpp */; };
		85F1E8FF1AB830F700A27B0E /* Model.cpp in Sources */ = {isa = PBXBuildFile; fileRef = 85F1E8F01AB830F700A27B0E /* Model.cpp */; };
		85F1E9001AB830F700A27B0E /* Parser.cpp in Sources */ = {isa = PBXBuildFile; fileRef = 85F1E8F21AB830F700A27B0E /* Parser.cpp */; };
		85F1E9011AB830F700A27B0E /* Tempo.cpp in Sources */ = {isa = PBXBuildFile; fileRef = 85F1E8F41AB830F700A27B0E /* Tempo.cpp */; };
		85F1E9021AB830F700A27B0E /* pugixml.cpp in Sources */ = {isa = PBXBuildFile; fileRef = 85F1E8FC1AB830F700A27B0E /* pugixml.cpp */; };
		85F1E9481AB8310200A27B0E /* ofxAssimpAnimation.cpp in Sources */ = {isa = PBXBuildFile; fileRef = 85F1E9051AB8310200A27B0E /* ofxAssimpAnimation.cpp */; };
		85F1E9491AB8310200A27B0E /* ofxAssimpMeshHelper.cpp in Sources */ = {isa = PBXBuildFile; fileRef = 85F1E9071AB8310200A27B0E /* ofxAssimpMeshHelper.cpp */; };
		85F1E94A1AB8310200A27B0E /* ofxAssimpModelLoader.cpp in Sources */ = {isa = PBXBuildFile; fileRef = 85F1E9091AB8310200A27B0E /* ofxAssimpModelLoader.cpp */; };
		85F1E94B1AB8310200A27B0E /* ofxAssimpTexture.cpp in Sources */ = {isa = PBXBuildFile; fileRef = 85F1E90B1AB8310200A27B0E /* ofxAssimpTexture.cpp */; };
		85F1E94C1AB8310200A27B0E /* assimp.a in Frameworks */ = {isa = PBXBuildFile; fileRef = 85F1E9431AB8310200A27B0E /* assimp.a */; };
		DD6D172FAEA0FDD88D2847E5 /* shapesEditor.cpp in Sources */ = {isa = PBXBuildFile; fileRef = C00AC4FF0DFA48DA04990B1D /* shapesEditor.cpp */; };
		E4328149138ABC9F0047C5CB /* openFrameworksDebug.a in Frameworks */ = {isa = PBXBuildFile; fileRef = E4328148138ABC890047C5CB /* openFrameworksDebug.a */; };
		E4B69E200A3A1BDC003C02F2 /* main.cpp in Sources */ = {isa = PBXBuildFile; fileRef = E4B69E1D0A3A1BDC003C02F2 /* main.cpp */; };
		E4B69E210A3A1BDC003C02F2 /* ofApp.cpp in Sources */ = {isa = PBXBuildFile; fileRef = E4B69E1E0A3A1BDC003C02F2 /* ofApp.cpp */; };
		F44C901AFB6802AB90E26871 /* lineEffect.cpp in Sources */ = {isa = PBXBuildFile; fileRef = 8BBE8529836C359CD91AF645 /* lineEffect.cpp */; };
		F994128226E6BC64D49D22A8 /* animationController.cpp in Sources */ = {isa = PBXBuildFile; fileRef = 457EE040F1A22E81908D1342 /* animationController.cpp */; };
		FA11B6EBAB0ED4BA917879F4 /* movablePoint.cpp in Sources */ = {isa = PBXBuildFile; fileRef = 4CDBA2D326396E0E887DA059 /* movablePoint.cpp */; };
/* End PBXBuildFile section */

/* Begin PBXContainerItemProxy section */
		E4328147138ABC890047C5CB /* PBXContainerItemProxy */ = {
			isa = PBXContainerItemProxy;
			containerPortal = E4328143138ABC890047C5CB /* openFrameworksLib.xcodeproj */;
			proxyType = 2;
			remoteGlobalIDString = E4B27C1510CBEB8E00536013;
			remoteInfo = openFrameworks;
		};
		E4EEB9AB138B136A00A80321 /* PBXContainerItemProxy */ = {
			isa = PBXContainerItemProxy;
			containerPortal = E4328143138ABC890047C5CB /* openFrameworksLib.xcodeproj */;
			proxyType = 1;
			remoteGlobalIDString = E4B27C1410CBEB8E00536013;
			remoteInfo = openFrameworks;
		};
/* End PBXContainerItemProxy section */

/* Begin PBXCopyFilesBuildPhase section */
		E4C2427710CC5ABF004149E2 /* CopyFiles */ = {
			isa = PBXCopyFilesBuildPhase;
			buildActionMask = 2147483647;
			dstPath = "";
			dstSubfolderSpec = 10;
			files = (
			);
			runOnlyForDeploymentPostprocessing = 0;
		};
/* End PBXCopyFilesBuildPhase section */

/* Begin PBXFileReference section */
		1D3A4DA49063121833C4C0CC /* lineEffect.h */ = {isa = PBXFileReference; explicitFileType = sourcecode.c.h; fileEncoding = 30; name = lineEffect.h; path = src/effects/lineEffect.h; sourceTree = SOURCE_ROOT; };
		3EA6183E7E925AEF111E8587 /* basicEffect.cpp */ = {isa = PBXFileReference; explicitFileType = sourcecode.cpp.cpp; fileEncoding = 30; name = basicEffect.cpp; path = src/effects/basicEffect.cpp; sourceTree = SOURCE_ROOT; };
		4327029352921205F445F068 /* karmaSoundAnalyser.h */ = {isa = PBXFileReference; explicitFileType = sourcecode.c.h; fileEncoding = 30; name = karmaSoundAnalyser.h; path = src/karmaSoundAnalyser.h; sourceTree = SOURCE_ROOT; };
		457EE040F1A22E81908D1342 /* animationController.cpp */ = {isa = PBXFileReference; explicitFileType = sourcecode.cpp.cpp; fileEncoding = 30; name = animationController.cpp; path = src/animationController.cpp; sourceTree = SOURCE_ROOT; };
		474F5C0B2D65582B7B6AF59F /* shapesServer.cpp */ = {isa = PBXFileReference; explicitFileType = sourcecode.cpp.cpp; fileEncoding = 30; name = shapesServer.cpp; path = src/shapesServer.cpp; sourceTree = SOURCE_ROOT; };
		4A926F24D06782E7BDB31FBA /* vertexShape.cpp */ = {isa = PBXFileReference; explicitFileType = sourcecode.cpp.cpp; fileEncoding = 30; name = vertexShape.cpp; path = src/shapes/vertexShape.cpp; sourceTree = SOURCE_ROOT; };
		4CDBA2D326396E0E887DA059 /* movablePoint.cpp */ = {isa = PBXFileReference; explicitFileType = sourcecode.cpp.cpp; fileEncoding = 30; name = movablePoint.cpp; path = src/shapes/movablePoint.cpp; sourceTree = SOURCE_ROOT; };
		5902A8EFA3895514E29B493F /* effects.h */ = {isa = PBXFileReference; explicitFileType = sourcecode.c.h; fileEncoding = 30; name = effects.h; path = src/effects/effects.h; sourceTree = SOURCE_ROOT; };
		5C839256E1C741C59DB8E0EA /* shapesEditor.h */ = {isa = PBXFileReference; explicitFileType = sourcecode.c.h; fileEncoding = 30; name = shapesEditor.h; path = src/shapesEditor.h; sourceTree = SOURCE_ROOT; };
		6521B1C668F3662331CC6323 /* movablePoint.h */ = {isa = PBXFileReference; explicitFileType = sourcecode.c.h; fileEncoding = 30; name = movablePoint.h; path = src/shapes/movablePoint.h; sourceTree = SOURCE_ROOT; };
		7B955C26665CFEE341F15A54 /* basicShape.cpp */ = {isa = PBXFileReference; explicitFileType = sourcecode.cpp.cpp; fileEncoding = 30; name = basicShape.cpp; path = src/shapes/basicShape.cpp; sourceTree = SOURCE_ROOT; };
		7E0B368BEB7C21AF9128E4A2 /* lineEffectLine.h */ = {isa = PBXFileReference; explicitFileType = sourcecode.c.h; fileEncoding = 30; name = lineEffectLine.h; path = src/effects/lineEffectLine.h; sourceTree = SOURCE_ROOT; };
		7ED21C2D7A0039C25D650078 /* lineEffectLine.cpp */ = {isa = PBXFileReference; explicitFileType = sourcecode.cpp.cpp; fileEncoding = 30; name = lineEffectLine.cpp; path = src/effects/lineEffectLine.cpp; sourceTree = SOURCE_ROOT; };
		85F1E84B1AB8308300A27B0E /* ofxXmlSettings.cpp */ = {isa = PBXFileReference; lastKnownFileType = sourcecode.cpp.cpp; path = ofxXmlSettings.cpp; sourceTree = "<group>"; };
		85F1E84C1AB8308300A27B0E /* ofxXmlSettings.h */ = {isa = PBXFileReference; lastKnownFileType = sourcecode.c.h; path = ofxXmlSettings.h; sourceTree = "<group>"; };
		85F1E84E1AB8308300A27B0E /* tinyxml.cpp */ = {isa = PBXFileReference; lastKnownFileType = sourcecode.cpp.cpp; path = tinyxml.cpp; sourceTree = "<group>"; };
		85F1E84F1AB8308300A27B0E /* tinyxml.h */ = {isa = PBXFileReference; lastKnownFileType = sourcecode.c.h; path = tinyxml.h; sourceTree = "<group>"; };
		85F1E8501AB8308300A27B0E /* tinyxmlerror.cpp */ = {isa = PBXFileReference; lastKnownFileType = sourcecode.cpp.cpp; path = tinyxmlerror.cpp; sourceTree = "<group>"; };
		85F1E8511AB8308300A27B0E /* tinyxmlparser.cpp */ = {isa = PBXFileReference; lastKnownFileType = sourcecode.cpp.cpp; path = tinyxmlparser.cpp; sourceTree = "<group>"; };
		85F1E8581AB830A100A27B0E /* ofxUI.h */ = {isa = PBXFileReference; lastKnownFileType = sourcecode.c.h; path = ofxUI.h; sourceTree = "<group>"; };
		85F1E8591AB830A100A27B0E /* ofxUI2DGraph.cpp */ = {isa = PBXFileReference; lastKnownFileType = sourcecode.cpp.cpp; path = ofxUI2DGraph.cpp; sourceTree = "<group>"; };
		85F1E85A1AB830A100A27B0E /* ofxUI2DGraph.h */ = {isa = PBXFileReference; lastKnownFileType = sourcecode.c.h; path = ofxUI2DGraph.h; sourceTree = "<group>"; };
		85F1E85B1AB830A100A27B0E /* ofxUI2DPad.cpp */ = {isa = PBXFileReference; lastKnownFileType = sourcecode.cpp.cpp; path = ofxUI2DPad.cpp; sourceTree = "<group>"; };
		85F1E85C1AB830A100A27B0E /* ofxUI2DPad.h */ = {isa = PBXFileReference; lastKnownFileType = sourcecode.c.h; path = ofxUI2DPad.h; sourceTree = "<group>"; };
		85F1E85D1AB830A100A27B0E /* ofxUIBaseDraws.cpp */ = {isa = PBXFileReference; lastKnownFileType = sourcecode.cpp.cpp; path = ofxUIBaseDraws.cpp; sourceTree = "<group>"; };
		85F1E85E1AB830A100A27B0E /* ofxUIBaseDraws.h */ = {isa = PBXFileReference; lastKnownFileType = sourcecode.c.h; path = ofxUIBaseDraws.h; sourceTree = "<group>"; };
		85F1E85F1AB830A100A27B0E /* ofxUIBiLabelSlider.cpp */ = {isa = PBXFileReference; lastKnownFileType = sourcecode.cpp.cpp; path = ofxUIBiLabelSlider.cpp; sourceTree = "<group>"; };
		85F1E8601AB830A100A27B0E /* ofxUIBiLabelSlider.h */ = {isa = PBXFileReference; lastKnownFileType = sourcecode.c.h; path = ofxUIBiLabelSlider.h; sourceTree = "<group>"; };
		85F1E8611AB830A100A27B0E /* ofxUIButton.cpp */ = {isa = PBXFileReference; lastKnownFileType = sourcecode.cpp.cpp; path = ofxUIButton.cpp; sourceTree = "<group>"; };
		85F1E8621AB830A100A27B0E /* ofxUIButton.h */ = {isa = PBXFileReference; lastKnownFileType = sourcecode.c.h; path = ofxUIButton.h; sourceTree = "<group>"; };
		85F1E8631AB830A100A27B0E /* ofxUICanvas.cpp */ = {isa = PBXFileReference; lastKnownFileType = sourcecode.cpp.cpp; path = ofxUICanvas.cpp; sourceTree = "<group>"; };
		85F1E8641AB830A100A27B0E /* ofxUICanvas.h */ = {isa = PBXFileReference; lastKnownFileType = sourcecode.c.h; path = ofxUICanvas.h; sourceTree = "<group>"; };
		85F1E8651AB830A100A27B0E /* ofxUICircleSlider.cpp */ = {isa = PBXFileReference; lastKnownFileType = sourcecode.cpp.cpp; path = ofxUICircleSlider.cpp; sourceTree = "<group>"; };
		85F1E8661AB830A100A27B0E /* ofxUICircleSlider.h */ = {isa = PBXFileReference; lastKnownFileType = sourcecode.c.h; path = ofxUICircleSlider.h; sourceTree = "<group>"; };
		85F1E8671AB830A100A27B0E /* ofxUIDefines.h */ = {isa = PBXFileReference; lastKnownFileType = sourcecode.c.h; path = ofxUIDefines.h; sourceTree = "<group>"; };
		85F1E8681AB830A100A27B0E /* ofxUIDragableLabelButton.cpp */ = {isa = PBXFileReference; lastKnownFileType = sourcecode.cpp.cpp; path = ofxUIDragableLabelButton.cpp; sourceTree = "<group>"; };
		85F1E8691AB830A100A27B0E /* ofxUIDragableLabelButton.h */ = {isa = PBXFileReference; lastKnownFileType = sourcecode.c.h; path = ofxUIDragableLabelButton.h; sourceTree = "<group>"; };
		85F1E86A1AB830A100A27B0E /* ofxUIDropDownList.cpp */ = {isa = PBXFileReference; lastKnownFileType = sourcecode.cpp.cpp; path = ofxUIDropDownList.cpp; sourceTree = "<group>"; };
		85F1E86B1AB830A100A27B0E /* ofxUIDropDownList.h */ = {isa = PBXFileReference; lastKnownFileType = sourcecode.c.h; path = ofxUIDropDownList.h; sourceTree = "<group>"; };
		85F1E86C1AB830A100A27B0E /* ofxUIEventArgs.cpp */ = {isa = PBXFileReference; lastKnownFileType = sourcecode.cpp.cpp; path = ofxUIEventArgs.cpp; sourceTree = "<group>"; };
		85F1E86D1AB830A100A27B0E /* ofxUIEventArgs.h */ = {isa = PBXFileReference; lastKnownFileType = sourcecode.c.h; path = ofxUIEventArgs.h; sourceTree = "<group>"; };
		85F1E86E1AB830A100A27B0E /* ofxUIFPS.cpp */ = {isa = PBXFileReference; lastKnownFileType = sourcecode.cpp.cpp; path = ofxUIFPS.cpp; sourceTree = "<group>"; };
		85F1E86F1AB830A100A27B0E /* ofxUIFPS.h */ = {isa = PBXFileReference; lastKnownFileType = sourcecode.c.h; path = ofxUIFPS.h; sourceTree = "<group>"; };
		85F1E8701AB830A100A27B0E /* ofxUIFPSSlider.cpp */ = {isa = PBXFileReference; lastKnownFileType = sourcecode.cpp.cpp; path = ofxUIFPSSlider.cpp; sourceTree = "<group>"; };
		85F1E8711AB830A100A27B0E /* ofxUIFPSSlider.h */ = {isa = PBXFileReference; lastKnownFileType = sourcecode.c.h; path = ofxUIFPSSlider.h; sourceTree = "<group>"; };
		85F1E8721AB830A100A27B0E /* ofxUIImage.cpp */ = {isa = PBXFileReference; lastKnownFileType = sourcecode.cpp.cpp; path = ofxUIImage.cpp; sourceTree = "<group>"; };
		85F1E8731AB830A100A27B0E /* ofxUIImage.h */ = {isa = PBXFileReference; lastKnownFileType = sourcecode.c.h; path = ofxUIImage.h; sourceTree = "<group>"; };
		85F1E8741AB830A100A27B0E /* ofxUIImageButton.cpp */ = {isa = PBXFileReference; lastKnownFileType = sourcecode.cpp.cpp; path = ofxUIImageButton.cpp; sourceTree = "<group>"; };
		85F1E8751AB830A100A27B0E /* ofxUIImageButton.h */ = {isa = PBXFileReference; lastKnownFileType = sourcecode.c.h; path = ofxUIImageButton.h; sourceTree = "<group>"; };
		85F1E8761AB830A100A27B0E /* ofxUIImageSampler.cpp */ = {isa = PBXFileReference; lastKnownFileType = sourcecode.cpp.cpp; path = ofxUIImageSampler.cpp; sourceTree = "<group>"; };
		85F1E8771AB830A100A27B0E /* ofxUIImageSampler.h */ = {isa = PBXFileReference; lastKnownFileType = sourcecode.c.h; path = ofxUIImageSampler.h; sourceTree = "<group>"; };
		85F1E8781AB830A100A27B0E /* ofxUIImageSlider.cpp */ = {isa = PBXFileReference; lastKnownFileType = sourcecode.cpp.cpp; path = ofxUIImageSlider.cpp; sourceTree = "<group>"; };
		85F1E8791AB830A100A27B0E /* ofxUIImageSlider.h */ = {isa = PBXFileReference; lastKnownFileType = sourcecode.c.h; path = ofxUIImageSlider.h; sourceTree = "<group>"; };
		85F1E87A1AB830A100A27B0E /* ofxUIImageToggle.cpp */ = {isa = PBXFileReference; lastKnownFileType = sourcecode.cpp.cpp; path = ofxUIImageToggle.cpp; sourceTree = "<group>"; };
		85F1E87B1AB830A100A27B0E /* ofxUIImageToggle.h */ = {isa = PBXFileReference; lastKnownFileType = sourcecode.c.h; path = ofxUIImageToggle.h; sourceTree = "<group>"; };
		85F1E87C1AB830A100A27B0E /* ofxUILabel.cpp */ = {isa = PBXFileReference; lastKnownFileType = sourcecode.cpp.cpp; path = ofxUILabel.cpp; sourceTree = "<group>"; };
		85F1E87D1AB830A100A27B0E /* ofxUILabel.h */ = {isa = PBXFileReference; lastKnownFileType = sourcecode.c.h; path = ofxUILabel.h; sourceTree = "<group>"; };
		85F1E87E1AB830A100A27B0E /* ofxUILabelButton.cpp */ = {isa = PBXFileReference; lastKnownFileType = sourcecode.cpp.cpp; path = ofxUILabelButton.cpp; sourceTree = "<group>"; };
		85F1E87F1AB830A100A27B0E /* ofxUILabelButton.h */ = {isa = PBXFileReference; lastKnownFileType = sourcecode.c.h; path = ofxUILabelButton.h; sourceTree = "<group>"; };
		85F1E8801AB830A100A27B0E /* ofxUILabelToggle.cpp */ = {isa = PBXFileReference; lastKnownFileType = sourcecode.cpp.cpp; path = ofxUILabelToggle.cpp; sourceTree = "<group>"; };
		85F1E8811AB830A100A27B0E /* ofxUILabelToggle.h */ = {isa = PBXFileReference; lastKnownFileType = sourcecode.c.h; path = ofxUILabelToggle.h; sourceTree = "<group>"; };
		85F1E8821AB830A100A27B0E /* ofxUIMinimalSlider.cpp */ = {isa = PBXFileReference; lastKnownFileType = sourcecode.cpp.cpp; path = ofxUIMinimalSlider.cpp; sourceTree = "<group>"; };
		85F1E8831AB830A100A27B0E /* ofxUIMinimalSlider.h */ = {isa = PBXFileReference; lastKnownFileType = sourcecode.c.h; path = ofxUIMinimalSlider.h; sourceTree = "<group>"; };
		85F1E8841AB830A100A27B0E /* ofxUIMovingGraph.cpp */ = {isa = PBXFileReference; lastKnownFileType = sourcecode.cpp.cpp; path = ofxUIMovingGraph.cpp; sourceTree = "<group>"; };
		85F1E8851AB830A100A27B0E /* ofxUIMovingGraph.h */ = {isa = PBXFileReference; lastKnownFileType = sourcecode.c.h; path = ofxUIMovingGraph.h; sourceTree = "<group>"; };
		85F1E8861AB830A100A27B0E /* ofxUIMultiImageButton.cpp */ = {isa = PBXFileReference; lastKnownFileType = sourcecode.cpp.cpp; path = ofxUIMultiImageButton.cpp; sourceTree = "<group>"; };
		85F1E8871AB830A100A27B0E /* ofxUIMultiImageButton.h */ = {isa = PBXFileReference; lastKnownFileType = sourcecode.c.h; path = ofxUIMultiImageButton.h; sourceTree = "<group>"; };
		85F1E8881AB830A100A27B0E /* ofxUIMultiImageToggle.cpp */ = {isa = PBXFileReference; lastKnownFileType = sourcecode.cpp.cpp; path = ofxUIMultiImageToggle.cpp; sourceTree = "<group>"; };
		85F1E8891AB830A100A27B0E /* ofxUIMultiImageToggle.h */ = {isa = PBXFileReference; lastKnownFileType = sourcecode.c.h; path = ofxUIMultiImageToggle.h; sourceTree = "<group>"; };
		85F1E88A1AB830A100A27B0E /* ofxUINumberDialer.cpp */ = {isa = PBXFileReference; lastKnownFileType = sourcecode.cpp.cpp; path = ofxUINumberDialer.cpp; sourceTree = "<group>"; };
		85F1E88B1AB830A100A27B0E /* ofxUINumberDialer.h */ = {isa = PBXFileReference; lastKnownFileType = sourcecode.c.h; path = ofxUINumberDialer.h; sourceTree = "<group>"; };
		85F1E88C1AB830A100A27B0E /* ofxUIOFWrapper.h */ = {isa = PBXFileReference; lastKnownFileType = sourcecode.c.h; path = ofxUIOFWrapper.h; sourceTree = "<group>"; };
		85F1E88D1AB830A100A27B0E /* ofxUIRadio.cpp */ = {isa = PBXFileReference; lastKnownFileType = sourcecode.cpp.cpp; path = ofxUIRadio.cpp; sourceTree = "<group>"; };
		85F1E88E1AB830A100A27B0E /* ofxUIRadio.h */ = {isa = PBXFileReference; lastKnownFileType = sourcecode.c.h; path = ofxUIRadio.h; sourceTree = "<group>"; };
		85F1E88F1AB830A100A27B0E /* ofxUIRangeSlider.cpp */ = {isa = PBXFileReference; lastKnownFileType = sourcecode.cpp.cpp; path = ofxUIRangeSlider.cpp; sourceTree = "<group>"; };
		85F1E8901AB830A100A27B0E /* ofxUIRangeSlider.h */ = {isa = PBXFileReference; lastKnownFileType = sourcecode.c.h; path = ofxUIRangeSlider.h; sourceTree = "<group>"; };
		85F1E8911AB830A100A27B0E /* ofxUIRectangle.cpp */ = {isa = PBXFileReference; lastKnownFileType = sourcecode.cpp.cpp; path = ofxUIRectangle.cpp; sourceTree = "<group>"; };
		85F1E8921AB830A100A27B0E /* ofxUIRectangle.h */ = {isa = PBXFileReference; lastKnownFileType = sourcecode.c.h; path = ofxUIRectangle.h; sourceTree = "<group>"; };
		85F1E8931AB830A100A27B0E /* ofxUIRotarySlider.cpp */ = {isa = PBXFileReference; lastKnownFileType = sourcecode.cpp.cpp; path = ofxUIRotarySlider.cpp; sourceTree = "<group>"; };
		85F1E8941AB830A100A27B0E /* ofxUIRotarySlider.h */ = {isa = PBXFileReference; lastKnownFileType = sourcecode.c.h; path = ofxUIRotarySlider.h; sourceTree = "<group>"; };
		85F1E8951AB830A100A27B0E /* ofxUIScrollableCanvas.cpp */ = {isa = PBXFileReference; lastKnownFileType = sourcecode.cpp.cpp; path = ofxUIScrollableCanvas.cpp; sourceTree = "<group>"; };
		85F1E8961AB830A100A27B0E /* ofxUIScrollableCanvas.h */ = {isa = PBXFileReference; lastKnownFileType = sourcecode.c.h; path = ofxUIScrollableCanvas.h; sourceTree = "<group>"; };
		85F1E8971AB830A100A27B0E /* ofxUISlider.cpp */ = {isa = PBXFileReference; lastKnownFileType = sourcecode.cpp.cpp; path = ofxUISlider.cpp; sourceTree = "<group>"; };
		85F1E8981AB830A100A27B0E /* ofxUISlider.h */ = {isa = PBXFileReference; lastKnownFileType = sourcecode.c.h; path = ofxUISlider.h; sourceTree = "<group>"; };
		85F1E8991AB830A100A27B0E /* ofxUISortableList.cpp */ = {isa = PBXFileReference; lastKnownFileType = sourcecode.cpp.cpp; path = ofxUISortableList.cpp; sourceTree = "<group>"; };
		85F1E89A1AB830A100A27B0E /* ofxUISortableList.h */ = {isa = PBXFileReference; lastKnownFileType = sourcecode.c.h; path = ofxUISortableList.h; sourceTree = "<group>"; };
		85F1E89B1AB830A100A27B0E /* ofxUISpacer.cpp */ = {isa = PBXFileReference; lastKnownFileType = sourcecode.cpp.cpp; path = ofxUISpacer.cpp; sourceTree = "<group>"; };
		85F1E89C1AB830A100A27B0E /* ofxUISpacer.h */ = {isa = PBXFileReference; lastKnownFileType = sourcecode.c.h; path = ofxUISpacer.h; sourceTree = "<group>"; };
		85F1E89D1AB830A100A27B0E /* ofxUISpectrum.cpp */ = {isa = PBXFileReference; lastKnownFileType = sourcecode.cpp.cpp; path = ofxUISpectrum.cpp; sourceTree = "<group>"; };
		85F1E89E1AB830A100A27B0E /* ofxUISpectrum.h */ = {isa = PBXFileReference; lastKnownFileType = sourcecode.c.h; path = ofxUISpectrum.h; sourceTree = "<group>"; };
		85F1E89F1AB830A100A27B0E /* ofxUISuperCanvas.cpp */ = {isa = PBXFileReference; lastKnownFileType = sourcecode.cpp.cpp; path = ofxUISuperCanvas.cpp; sourceTree = "<group>"; };
		85F1E8A01AB830A100A27B0E /* ofxUISuperCanvas.h */ = {isa = PBXFileReference; lastKnownFileType = sourcecode.c.h; path = ofxUISuperCanvas.h; sourceTree = "<group>"; };
		85F1E8A11AB830A100A27B0E /* ofxUITabBar.cpp */ = {isa = PBXFileReference; lastKnownFileType = sourcecode.cpp.cpp; path = ofxUITabBar.cpp; sourceTree = "<group>"; };
		85F1E8A21AB830A100A27B0E /* ofxUITabBar.h */ = {isa = PBXFileReference; lastKnownFileType = sourcecode.c.h; path = ofxUITabBar.h; sourceTree = "<group>"; };
		85F1E8A31AB830A100A27B0E /* ofxUITextArea.cpp */ = {isa = PBXFileReference; lastKnownFileType = sourcecode.cpp.cpp; path = ofxUITextArea.cpp; sourceTree = "<group>"; };
		85F1E8A41AB830A100A27B0E /* ofxUITextArea.h */ = {isa = PBXFileReference; lastKnownFileType = sourcecode.c.h; path = ofxUITextArea.h; sourceTree = "<group>"; };
		85F1E8A51AB830A100A27B0E /* ofxUITextInput.cpp */ = {isa = PBXFileReference; lastKnownFileType = sourcecode.cpp.cpp; path = ofxUITextInput.cpp; sourceTree = "<group>"; };
		85F1E8A61AB830A100A27B0E /* ofxUITextInput.h */ = {isa = PBXFileReference; lastKnownFileType = sourcecode.c.h; path = ofxUITextInput.h; sourceTree = "<group>"; };
		85F1E8A71AB830A100A27B0E /* ofxUIToggle.cpp */ = {isa = PBXFileReference; lastKnownFileType = sourcecode.cpp.cpp; path = ofxUIToggle.cpp; sourceTree = "<group>"; };
		85F1E8A81AB830A100A27B0E /* ofxUIToggle.h */ = {isa = PBXFileReference; lastKnownFileType = sourcecode.c.h; path = ofxUIToggle.h; sourceTree = "<group>"; };
		85F1E8A91AB830A100A27B0E /* ofxUIToggleMatrix.cpp */ = {isa = PBXFileReference; lastKnownFileType = sourcecode.cpp.cpp; path = ofxUIToggleMatrix.cpp; sourceTree = "<group>"; };
		85F1E8AA1AB830A100A27B0E /* ofxUIToggleMatrix.h */ = {isa = PBXFileReference; lastKnownFileType = sourcecode.c.h; path = ofxUIToggleMatrix.h; sourceTree = "<group>"; };
		85F1E8AB1AB830A100A27B0E /* ofxUIUtils.h */ = {isa = PBXFileReference; lastKnownFileType = sourcecode.c.h; path = ofxUIUtils.h; sourceTree = "<group>"; };
		85F1E8AC1AB830A100A27B0E /* ofxUIValuePlotter.cpp */ = {isa = PBXFileReference; lastKnownFileType = sourcecode.cpp.cpp; path = ofxUIValuePlotter.cpp; sourceTree = "<group>"; };
		85F1E8AD1AB830A100A27B0E /* ofxUIValuePlotter.h */ = {isa = PBXFileReference; lastKnownFileType = sourcecode.c.h; path = ofxUIValuePlotter.h; sourceTree = "<group>"; };
		85F1E8AE1AB830A100A27B0E /* ofxUIWaveform.cpp */ = {isa = PBXFileReference; lastKnownFileType = sourcecode.cpp.cpp; path = ofxUIWaveform.cpp; sourceTree = "<group>"; };
		85F1E8AF1AB830A100A27B0E /* ofxUIWaveform.h */ = {isa = PBXFileReference; lastKnownFileType = sourcecode.c.h; path = ofxUIWaveform.h; sourceTree = "<group>"; };
		85F1E8B01AB830A100A27B0E /* ofxUIWidget.cpp */ = {isa = PBXFileReference; lastKnownFileType = sourcecode.cpp.cpp; path = ofxUIWidget.cpp; sourceTree = "<group>"; };
		85F1E8B11AB830A100A27B0E /* ofxUIWidget.h */ = {isa = PBXFileReference; lastKnownFileType = sourcecode.c.h; path = ofxUIWidget.h; sourceTree = "<group>"; };
		85F1E8B21AB830A100A27B0E /* ofxUIWidgets.h */ = {isa = PBXFileReference; lastKnownFileType = sourcecode.c.h; path = ofxUIWidgets.h; sourceTree = "<group>"; };
		85F1E8B31AB830A100A27B0E /* ofxUIWidgetWithLabel.cpp */ = {isa = PBXFileReference; lastKnownFileType = sourcecode.cpp.cpp; path = ofxUIWidgetWithLabel.cpp; sourceTree = "<group>"; };
		85F1E8B41AB830A100A27B0E /* ofxUIWidgetWithLabel.h */ = {isa = PBXFileReference; lastKnownFileType = sourcecode.c.h; path = ofxUIWidgetWithLabel.h; sourceTree = "<group>"; };
		85F1E8B51AB830A100A27B0E /* ofxUIWrapper.h */ = {isa = PBXFileReference; lastKnownFileType = sourcecode.c.h; path = ofxUIWrapper.h; sourceTree = "<group>"; };
		85F1E8E41AB830B300A27B0E /* ofxTextBox.h */ = {isa = PBXFileReference; lastKnownFileType = sourcecode.c.h; path = ofxTextBox.h; sourceTree = "<group>"; };
		85F1E8E71AB830C200A27B0E /* ofxTrueTypeFontUC.cpp */ = {isa = PBXFileReference; lastKnownFileType = sourcecode.cpp.cpp; path = ofxTrueTypeFontUC.cpp; sourceTree = "<group>"; };
		85F1E8E81AB830C200A27B0E /* ofxTrueTypeFontUC.h */ = {isa = PBXFileReference; lastKnownFileType = sourcecode.c.h; path = ofxTrueTypeFontUC.h; sourceTree = "<group>"; };
		85F1E8ED1AB830F700A27B0E /* Constants.h */ = {isa = PBXFileReference; lastKnownFileType = sourcecode.c.h; path = Constants.h; sourceTree = "<group>"; };
		85F1E8EE1AB830F700A27B0E /* EventHandler.cpp */ = {isa = PBXFileReference; lastKnownFileType = sourcecode.cpp.cpp; path = EventHandler.cpp; sourceTree = "<group>"; };
		85F1E8EF1AB830F700A27B0E /* EventHandler.h */ = {isa = PBXFileReference; lastKnownFileType = sourcecode.c.h; path = EventHandler.h; sourceTree = "<group>"; };
		85F1E8F01AB830F700A27B0E /* Model.cpp */ = {isa = PBXFileReference; lastKnownFileType = sourcecode.cpp.cpp; path = Model.cpp; sourceTree = "<group>"; };
		85F1E8F11AB830F700A27B0E /* Model.h */ = {isa = PBXFileReference; lastKnownFileType = sourcecode.c.h; path = Model.h; sourceTree = "<group>"; };
		85F1E8F21AB830F700A27B0E /* Parser.cpp */ = {isa = PBXFileReference; lastKnownFileType = sourcecode.cpp.cpp; path = Parser.cpp; sourceTree = "<group>"; };
		85F1E8F31AB830F700A27B0E /* Parser.h */ = {isa = PBXFileReference; lastKnownFileType = sourcecode.c.h; path = Parser.h; sourceTree = "<group>"; };
		85F1E8F41AB830F700A27B0E /* Tempo.cpp */ = {isa = PBXFileReference; lastKnownFileType = sourcecode.cpp.cpp; path = Tempo.cpp; sourceTree = "<group>"; };
		85F1E8F51AB830F700A27B0E /* Tempo.h */ = {isa = PBXFileReference; lastKnownFileType = sourcecode.c.h; path = Tempo.h; sourceTree = "<group>"; };
		85F1E8F61AB830F700A27B0E /* ofxAbletonLiveSet.h */ = {isa = PBXFileReference; lastKnownFileType = sourcecode.c.h; path = ofxAbletonLiveSet.h; sourceTree = "<group>"; };
		85F1E8F91AB830F700A27B0E /* readme.txt */ = {isa = PBXFileReference; lastKnownFileType = text; path = readme.txt; sourceTree = "<group>"; };
		85F1E8FB1AB830F700A27B0E /* pugiconfig.hpp */ = {isa = PBXFileReference; lastKnownFileType = sourcecode.cpp.h; path = pugiconfig.hpp; sourceTree = "<group>"; };
		85F1E8FC1AB830F700A27B0E /* pugixml.cpp */ = {isa = PBXFileReference; lastKnownFileType = sourcecode.cpp.cpp; path = pugixml.cpp; sourceTree = "<group>"; };
		85F1E8FD1AB830F700A27B0E /* pugixml.hpp */ = {isa = PBXFileReference; lastKnownFileType = sourcecode.cpp.h; path = pugixml.hpp; sourceTree = "<group>"; };
		85F1E9051AB8310200A27B0E /* ofxAssimpAnimation.cpp */ = {isa = PBXFileReference; lastKnownFileType = sourcecode.cpp.cpp; path = ofxAssimpAnimation.cpp; sourceTree = "<group>"; };
		85F1E9061AB8310200A27B0E /* ofxAssimpAnimation.h */ = {isa = PBXFileReference; lastKnownFileType = sourcecode.c.h; path = ofxAssimpAnimation.h; sourceTree = "<group>"; };
		85F1E9071AB8310200A27B0E /* ofxAssimpMeshHelper.cpp */ = {isa = PBXFileReference; lastKnownFileType = sourcecode.cpp.cpp; path = ofxAssimpMeshHelper.cpp; sourceTree = "<group>"; };
		85F1E9081AB8310200A27B0E /* ofxAssimpMeshHelper.h */ = {isa = PBXFileReference; lastKnownFileType = sourcecode.c.h; path = ofxAssimpMeshHelper.h; sourceTree = "<group>"; };
		85F1E9091AB8310200A27B0E /* ofxAssimpModelLoader.cpp */ = {isa = PBXFileReference; lastKnownFileType = sourcecode.cpp.cpp; path = ofxAssimpModelLoader.cpp; sourceTree = "<group>"; };
		85F1E90A1AB8310200A27B0E /* ofxAssimpModelLoader.h */ = {isa = PBXFileReference; lastKnownFileType = sourcecode.c.h; path = ofxAssimpModelLoader.h; sourceTree = "<group>"; };
		85F1E90B1AB8310200A27B0E /* ofxAssimpTexture.cpp */ = {isa = PBXFileReference; lastKnownFileType = sourcecode.cpp.cpp; path = ofxAssimpTexture.cpp; sourceTree = "<group>"; };
		85F1E90C1AB8310200A27B0E /* ofxAssimpTexture.h */ = {isa = PBXFileReference; lastKnownFileType = sourcecode.c.h; path = ofxAssimpTexture.h; sourceTree = "<group>"; };
		85F1E90D1AB8310200A27B0E /* ofxAssimpUtils.h */ = {isa = PBXFileReference; lastKnownFileType = sourcecode.c.h; path = ofxAssimpUtils.h; sourceTree = "<group>"; };
		85F1E9111AB8310200A27B0E /* aiAnim.h */ = {isa = PBXFileReference; lastKnownFileType = sourcecode.c.h; path = aiAnim.h; sourceTree = "<group>"; };
		85F1E9121AB8310200A27B0E /* aiAssert.h */ = {isa = PBXFileReference; lastKnownFileType = sourcecode.c.h; path = aiAssert.h; sourceTree = "<group>"; };
		85F1E9131AB8310200A27B0E /* aiCamera.h */ = {isa = PBXFileReference; lastKnownFileType = sourcecode.c.h; path = aiCamera.h; sourceTree = "<group>"; };
		85F1E9141AB8310200A27B0E /* aiColor4D.h */ = {isa = PBXFileReference; lastKnownFileType = sourcecode.c.h; path = aiColor4D.h; sourceTree = "<group>"; };
		85F1E9151AB8310200A27B0E /* aiColor4D.inl */ = {isa = PBXFileReference; lastKnownFileType = text; path = aiColor4D.inl; sourceTree = "<group>"; };
		85F1E9161AB8310200A27B0E /* aiConfig.h */ = {isa = PBXFileReference; lastKnownFileType = sourcecode.c.h; path = aiConfig.h; sourceTree = "<group>"; };
		85F1E9171AB8310200A27B0E /* aiDefines.h */ = {isa = PBXFileReference; lastKnownFileType = sourcecode.c.h; path = aiDefines.h; sourceTree = "<group>"; };
		85F1E9181AB8310200A27B0E /* aiFileIO.h */ = {isa = PBXFileReference; lastKnownFileType = sourcecode.c.h; path = aiFileIO.h; sourceTree = "<group>"; };
		85F1E9191AB8310200A27B0E /* aiLight.h */ = {isa = PBXFileReference; lastKnownFileType = sourcecode.c.h; path = aiLight.h; sourceTree = "<group>"; };
		85F1E91A1AB8310200A27B0E /* aiMaterial.h */ = {isa = PBXFileReference; lastKnownFileType = sourcecode.c.h; path = aiMaterial.h; sourceTree = "<group>"; };
		85F1E91B1AB8310200A27B0E /* aiMaterial.inl */ = {isa = PBXFileReference; lastKnownFileType = text; path = aiMaterial.inl; sourceTree = "<group>"; };
		85F1E91C1AB8310200A27B0E /* aiMatrix3x3.h */ = {isa = PBXFileReference; lastKnownFileType = sourcecode.c.h; path = aiMatrix3x3.h; sourceTree = "<group>"; };
		85F1E91D1AB8310200A27B0E /* aiMatrix3x3.inl */ = {isa = PBXFileReference; lastKnownFileType = text; path = aiMatrix3x3.inl; sourceTree = "<group>"; };
		85F1E91E1AB8310200A27B0E /* aiMatrix4x4.h */ = {isa = PBXFileReference; lastKnownFileType = sourcecode.c.h; path = aiMatrix4x4.h; sourceTree = "<group>"; };
		85F1E91F1AB8310200A27B0E /* aiMatrix4x4.inl */ = {isa = PBXFileReference; lastKnownFileType = text; path = aiMatrix4x4.inl; sourceTree = "<group>"; };
		85F1E9201AB8310200A27B0E /* aiMesh.h */ = {isa = PBXFileReference; lastKnownFileType = sourcecode.c.h; path = aiMesh.h; sourceTree = "<group>"; };
		85F1E9211AB8310200A27B0E /* aiPostProcess.h */ = {isa = PBXFileReference; lastKnownFileType = sourcecode.c.h; path = aiPostProcess.h; sourceTree = "<group>"; };
		85F1E9221AB8310200A27B0E /* aiQuaternion.h */ = {isa = PBXFileReference; lastKnownFileType = sourcecode.c.h; path = aiQuaternion.h; sourceTree = "<group>"; };
		85F1E9231AB8310200A27B0E /* aiScene.h */ = {isa = PBXFileReference; lastKnownFileType = sourcecode.c.h; path = aiScene.h; sourceTree = "<group>"; };
		85F1E9241AB8310200A27B0E /* aiTexture.h */ = {isa = PBXFileReference; lastKnownFileType = sourcecode.c.h; path = aiTexture.h; sourceTree = "<group>"; };
		85F1E9251AB8310200A27B0E /* aiTypes.h */ = {isa = PBXFileReference; lastKnownFileType = sourcecode.c.h; path = aiTypes.h; sourceTree = "<group>"; };
		85F1E9261AB8310200A27B0E /* aiVector2D.h */ = {isa = PBXFileReference; lastKnownFileType = sourcecode.c.h; path = aiVector2D.h; sourceTree = "<group>"; };
		85F1E9271AB8310200A27B0E /* aiVector3D.h */ = {isa = PBXFileReference; lastKnownFileType = sourcecode.c.h; path = aiVector3D.h; sourceTree = "<group>"; };
		85F1E9281AB8310200A27B0E /* aiVector3D.inl */ = {isa = PBXFileReference; lastKnownFileType = text; path = aiVector3D.inl; sourceTree = "<group>"; };
		85F1E9291AB8310200A27B0E /* aiVersion.h */ = {isa = PBXFileReference; lastKnownFileType = sourcecode.c.h; path = aiVersion.h; sourceTree = "<group>"; };
		85F1E92A1AB8310200A27B0E /* assimp.h */ = {isa = PBXFileReference; lastKnownFileType = sourcecode.c.h; path = assimp.h; sourceTree = "<group>"; };
		85F1E92B1AB8310200A27B0E /* assimp.hpp */ = {isa = PBXFileReference; lastKnownFileType = sourcecode.cpp.h; path = assimp.hpp; sourceTree = "<group>"; };
		85F1E92D1AB8310200A27B0E /* poppack1.h */ = {isa = PBXFileReference; lastKnownFileType = sourcecode.c.h; path = poppack1.h; sourceTree = "<group>"; };
		85F1E92E1AB8310200A27B0E /* pushpack1.h */ = {isa = PBXFileReference; lastKnownFileType = sourcecode.c.h; path = pushpack1.h; sourceTree = "<group>"; };
		85F1E92F1AB8310200A27B0E /* DefaultLogger.h */ = {isa = PBXFileReference; lastKnownFileType = sourcecode.c.h; path = DefaultLogger.h; sourceTree = "<group>"; };
		85F1E9301AB8310200A27B0E /* IOStream.h */ = {isa = PBXFileReference; lastKnownFileType = sourcecode.c.h; path = IOStream.h; sourceTree = "<group>"; };
		85F1E9311AB8310200A27B0E /* IOSystem.h */ = {isa = PBXFileReference; lastKnownFileType = sourcecode.c.h; path = IOSystem.h; sourceTree = "<group>"; };
		85F1E9321AB8310200A27B0E /* Logger.h */ = {isa = PBXFileReference; lastKnownFileType = sourcecode.c.h; path = Logger.h; sourceTree = "<group>"; };
		85F1E9331AB8310200A27B0E /* LogStream.h */ = {isa = PBXFileReference; lastKnownFileType = sourcecode.c.h; path = LogStream.h; sourceTree = "<group>"; };
		85F1E9341AB8310200A27B0E /* NullLogger.h */ = {isa = PBXFileReference; lastKnownFileType = sourcecode.c.h; path = NullLogger.h; sourceTree = "<group>"; };
		85F1E9351AB8310200A27B0E /* ProgressHandler.h */ = {isa = PBXFileReference; lastKnownFileType = sourcecode.c.h; path = ProgressHandler.h; sourceTree = "<group>"; };
		85F1E9431AB8310200A27B0E /* assimp.a */ = {isa = PBXFileReference; lastKnownFileType = archive.ar; path = assimp.a; sourceTree = "<group>"; };
		8BBE8529836C359CD91AF645 /* lineEffect.cpp */ = {isa = PBXFileReference; explicitFileType = sourcecode.cpp.cpp; fileEncoding = 30; name = lineEffect.cpp; path = src/effects/lineEffect.cpp; sourceTree = SOURCE_ROOT; };
		94B8103697EC1817FC6B8244 /* shapes.h */ = {isa = PBXFileReference; explicitFileType = sourcecode.c.h; fileEncoding = 30; name = shapes.h; path = src/shapes/shapes.h; sourceTree = SOURCE_ROOT; };
		95FC55B54A37A11F5459C828 /* karmaSoundAnalyser.cpp */ = {isa = PBXFileReference; explicitFileType = sourcecode.cpp.cpp; fileEncoding = 30; name = karmaSoundAnalyser.cpp; path = src/karmaSoundAnalyser.cpp; sourceTree = SOURCE_ROOT; };
		AF4BC6731DBFB77396127F7E /* shapesServer.h */ = {isa = PBXFileReference; explicitFileType = sourcecode.c.h; fileEncoding = 30; name = shapesServer.h; path = src/shapesServer.h; sourceTree = SOURCE_ROOT; };
		B88823888A700E73A49596DC /* animationController.h */ = {isa = PBXFileReference; explicitFileType = sourcecode.c.h; fileEncoding = 30; name = animationController.h; path = src/animationController.h; sourceTree = SOURCE_ROOT; };
		C00AC4FF0DFA48DA04990B1D /* shapesEditor.cpp */ = {isa = PBXFileReference; explicitFileType = sourcecode.cpp.cpp; fileEncoding = 30; name = shapesEditor.cpp; path = src/shapesEditor.cpp; sourceTree = SOURCE_ROOT; };
		C5E5A0A691372A4C8D360993 /* vertexShape.h */ = {isa = PBXFileReference; explicitFileType = sourcecode.c.h; fileEncoding = 30; name = vertexShape.h; path = src/shapes/vertexShape.h; sourceTree = SOURCE_ROOT; };
		DF66665DC50D29BB9DBC3E8F /* basicShape.h */ = {isa = PBXFileReference; explicitFileType = sourcecode.c.h; fileEncoding = 30; name = basicShape.h; path = src/shapes/basicShape.h; sourceTree = SOURCE_ROOT; };
		E4328143138ABC890047C5CB /* openFrameworksLib.xcodeproj */ = {isa = PBXFileReference; lastKnownFileType = "wrapper.pb-project"; name = openFrameworksLib.xcodeproj; path = ../../../libs/openFrameworksCompiled/project/osx/openFrameworksLib.xcodeproj; sourceTree = SOURCE_ROOT; };
		E4B69B5B0A3A1756003C02F2 /* karmaMapperDebug.app */ = {isa = PBXFileReference; explicitFileType = wrapper.application; includeInIndex = 0; path = karmaMapperDebug.app; sourceTree = BUILT_PRODUCTS_DIR; };
		E4B69E1D0A3A1BDC003C02F2 /* main.cpp */ = {isa = PBXFileReference; fileEncoding = 30; lastKnownFileType = sourcecode.cpp.cpp; name = main.cpp; path = src/main.cpp; sourceTree = SOURCE_ROOT; };
		E4B69E1E0A3A1BDC003C02F2 /* ofApp.cpp */ = {isa = PBXFileReference; explicitFileType = sourcecode.cpp.cpp; fileEncoding = 30; name = ofApp.cpp; path = src/ofApp.cpp; sourceTree = SOURCE_ROOT; };
		E4B69E1F0A3A1BDC003C02F2 /* ofApp.h */ = {isa = PBXFileReference; fileEncoding = 30; lastKnownFileType = sourcecode.c.h; name = ofApp.h; path = src/ofApp.h; sourceTree = SOURCE_ROOT; };
		E4B6FCAD0C3E899E008CF71C /* openFrameworks-Info.plist */ = {isa = PBXFileReference; fileEncoding = 30; lastKnownFileType = text.plist.xml; path = "openFrameworks-Info.plist"; sourceTree = "<group>"; };
		E4EB691F138AFCF100A09F29 /* CoreOF.xcconfig */ = {isa = PBXFileReference; fileEncoding = 4; lastKnownFileType = text.xcconfig; name = CoreOF.xcconfig; path = ../../../libs/openFrameworksCompiled/project/osx/CoreOF.xcconfig; sourceTree = SOURCE_ROOT; };
		E4EB6923138AFD0F00A09F29 /* Project.xcconfig */ = {isa = PBXFileReference; fileEncoding = 4; lastKnownFileType = text.xcconfig; path = Project.xcconfig; sourceTree = "<group>"; };
		F19E4F7003214B080BB274A0 /* basicEffect.h */ = {isa = PBXFileReference; explicitFileType = sourcecode.c.h; fileEncoding = 30; name = basicEffect.h; path = src/effects/basicEffect.h; sourceTree = SOURCE_ROOT; };
/* End PBXFileReference section */

/* Begin PBXFrameworksBuildPhase section */
		E4B69B590A3A1756003C02F2 /* Frameworks */ = {
			isa = PBXFrameworksBuildPhase;
			buildActionMask = 2147483647;
			files = (
				85F1E94C1AB8310200A27B0E /* assimp.a in Frameworks */,
				E4328149138ABC9F0047C5CB /* openFrameworksDebug.a in Frameworks */,
			);
			runOnlyForDeploymentPostprocessing = 0;
		};
/* End PBXFrameworksBuildPhase section */

/* Begin PBXGroup section */
		7A8E7E4B84ADE2E666AB732B /* shapes */ = {
			isa = PBXGroup;
			children = (
				7B955C26665CFEE341F15A54 /* basicShape.cpp */,
				DF66665DC50D29BB9DBC3E8F /* basicShape.h */,
				4CDBA2D326396E0E887DA059 /* movablePoint.cpp */,
				6521B1C668F3662331CC6323 /* movablePoint.h */,
				94B8103697EC1817FC6B8244 /* shapes.h */,
				4A926F24D06782E7BDB31FBA /* vertexShape.cpp */,
				C5E5A0A691372A4C8D360993 /* vertexShape.h */,
			);
			name = shapes;
			sourceTree = "<group>";
		};
		85F1E8491AB8308300A27B0E /* ofxXmlSettings */ = {
			isa = PBXGroup;
			children = (
				85F1E84A1AB8308300A27B0E /* src */,
				85F1E84D1AB8308300A27B0E /* libs */,
			);
			name = ofxXmlSettings;
			sourceTree = "<group>";
		};
		85F1E84A1AB8308300A27B0E /* src */ = {
			isa = PBXGroup;
			children = (
				85F1E84B1AB8308300A27B0E /* ofxXmlSettings.cpp */,
				85F1E84C1AB8308300A27B0E /* ofxXmlSettings.h */,
			);
			name = src;
			path = ../../../addons/ofxXmlSettings/src;
			sourceTree = "<group>";
		};
		85F1E84D1AB8308300A27B0E /* libs */ = {
			isa = PBXGroup;
			children = (
				85F1E84E1AB8308300A27B0E /* tinyxml.cpp */,
				85F1E84F1AB8308300A27B0E /* tinyxml.h */,
				85F1E8501AB8308300A27B0E /* tinyxmlerror.cpp */,
				85F1E8511AB8308300A27B0E /* tinyxmlparser.cpp */,
			);
			name = libs;
			path = ../../../addons/ofxXmlSettings/libs;
			sourceTree = "<group>";
		};
		85F1E8561AB830A100A27B0E /* ofxUI */ = {
			isa = PBXGroup;
			children = (
				85F1E8571AB830A100A27B0E /* src */,
			);
			name = ofxUI;
			sourceTree = "<group>";
		};
		85F1E8571AB830A100A27B0E /* src */ = {
			isa = PBXGroup;
			children = (
				85F1E8581AB830A100A27B0E /* ofxUI.h */,
				85F1E8591AB830A100A27B0E /* ofxUI2DGraph.cpp */,
				85F1E85A1AB830A100A27B0E /* ofxUI2DGraph.h */,
				85F1E85B1AB830A100A27B0E /* ofxUI2DPad.cpp */,
				85F1E85C1AB830A100A27B0E /* ofxUI2DPad.h */,
				85F1E85D1AB830A100A27B0E /* ofxUIBaseDraws.cpp */,
				85F1E85E1AB830A100A27B0E /* ofxUIBaseDraws.h */,
				85F1E85F1AB830A100A27B0E /* ofxUIBiLabelSlider.cpp */,
				85F1E8601AB830A100A27B0E /* ofxUIBiLabelSlider.h */,
				85F1E8611AB830A100A27B0E /* ofxUIButton.cpp */,
				85F1E8621AB830A100A27B0E /* ofxUIButton.h */,
				85F1E8631AB830A100A27B0E /* ofxUICanvas.cpp */,
				85F1E8641AB830A100A27B0E /* ofxUICanvas.h */,
				85F1E8651AB830A100A27B0E /* ofxUICircleSlider.cpp */,
				85F1E8661AB830A100A27B0E /* ofxUICircleSlider.h */,
				85F1E8671AB830A100A27B0E /* ofxUIDefines.h */,
				85F1E8681AB830A100A27B0E /* ofxUIDragableLabelButton.cpp */,
				85F1E8691AB830A100A27B0E /* ofxUIDragableLabelButton.h */,
				85F1E86A1AB830A100A27B0E /* ofxUIDropDownList.cpp */,
				85F1E86B1AB830A100A27B0E /* ofxUIDropDownList.h */,
				85F1E86C1AB830A100A27B0E /* ofxUIEventArgs.cpp */,
				85F1E86D1AB830A100A27B0E /* ofxUIEventArgs.h */,
				85F1E86E1AB830A100A27B0E /* ofxUIFPS.cpp */,
				85F1E86F1AB830A100A27B0E /* ofxUIFPS.h */,
				85F1E8701AB830A100A27B0E /* ofxUIFPSSlider.cpp */,
				85F1E8711AB830A100A27B0E /* ofxUIFPSSlider.h */,
				85F1E8721AB830A100A27B0E /* ofxUIImage.cpp */,
				85F1E8731AB830A100A27B0E /* ofxUIImage.h */,
				85F1E8741AB830A100A27B0E /* ofxUIImageButton.cpp */,
				85F1E8751AB830A100A27B0E /* ofxUIImageButton.h */,
				85F1E8761AB830A100A27B0E /* ofxUIImageSampler.cpp */,
				85F1E8771AB830A100A27B0E /* ofxUIImageSampler.h */,
				85F1E8781AB830A100A27B0E /* ofxUIImageSlider.cpp */,
				85F1E8791AB830A100A27B0E /* ofxUIImageSlider.h */,
				85F1E87A1AB830A100A27B0E /* ofxUIImageToggle.cpp */,
				85F1E87B1AB830A100A27B0E /* ofxUIImageToggle.h */,
				85F1E87C1AB830A100A27B0E /* ofxUILabel.cpp */,
				85F1E87D1AB830A100A27B0E /* ofxUILabel.h */,
				85F1E87E1AB830A100A27B0E /* ofxUILabelButton.cpp */,
				85F1E87F1AB830A100A27B0E /* ofxUILabelButton.h */,
				85F1E8801AB830A100A27B0E /* ofxUILabelToggle.cpp */,
				85F1E8811AB830A100A27B0E /* ofxUILabelToggle.h */,
				85F1E8821AB830A100A27B0E /* ofxUIMinimalSlider.cpp */,
				85F1E8831AB830A100A27B0E /* ofxUIMinimalSlider.h */,
				85F1E8841AB830A100A27B0E /* ofxUIMovingGraph.cpp */,
				85F1E8851AB830A100A27B0E /* ofxUIMovingGraph.h */,
				85F1E8861AB830A100A27B0E /* ofxUIMultiImageButton.cpp */,
				85F1E8871AB830A100A27B0E /* ofxUIMultiImageButton.h */,
				85F1E8881AB830A100A27B0E /* ofxUIMultiImageToggle.cpp */,
				85F1E8891AB830A100A27B0E /* ofxUIMultiImageToggle.h */,
				85F1E88A1AB830A100A27B0E /* ofxUINumberDialer.cpp */,
				85F1E88B1AB830A100A27B0E /* ofxUINumberDialer.h */,
				85F1E88C1AB830A100A27B0E /* ofxUIOFWrapper.h */,
				85F1E88D1AB830A100A27B0E /* ofxUIRadio.cpp */,
				85F1E88E1AB830A100A27B0E /* ofxUIRadio.h */,
				85F1E88F1AB830A100A27B0E /* ofxUIRangeSlider.cpp */,
				85F1E8901AB830A100A27B0E /* ofxUIRangeSlider.h */,
				85F1E8911AB830A100A27B0E /* ofxUIRectangle.cpp */,
				85F1E8921AB830A100A27B0E /* ofxUIRectangle.h */,
				85F1E8931AB830A100A27B0E /* ofxUIRotarySlider.cpp */,
				85F1E8941AB830A100A27B0E /* ofxUIRotarySlider.h */,
				85F1E8951AB830A100A27B0E /* ofxUIScrollableCanvas.cpp */,
				85F1E8961AB830A100A27B0E /* ofxUIScrollableCanvas.h */,
				85F1E8971AB830A100A27B0E /* ofxUISlider.cpp */,
				85F1E8981AB830A100A27B0E /* ofxUISlider.h */,
				85F1E8991AB830A100A27B0E /* ofxUISortableList.cpp */,
				85F1E89A1AB830A100A27B0E /* ofxUISortableList.h */,
				85F1E89B1AB830A100A27B0E /* ofxUISpacer.cpp */,
				85F1E89C1AB830A100A27B0E /* ofxUISpacer.h */,
				85F1E89D1AB830A100A27B0E /* ofxUISpectrum.cpp */,
				85F1E89E1AB830A100A27B0E /* ofxUISpectrum.h */,
				85F1E89F1AB830A100A27B0E /* ofxUISuperCanvas.cpp */,
				85F1E8A01AB830A100A27B0E /* ofxUISuperCanvas.h */,
				85F1E8A11AB830A100A27B0E /* ofxUITabBar.cpp */,
				85F1E8A21AB830A100A27B0E /* ofxUITabBar.h */,
				85F1E8A31AB830A100A27B0E /* ofxUITextArea.cpp */,
				85F1E8A41AB830A100A27B0E /* ofxUITextArea.h */,
				85F1E8A51AB830A100A27B0E /* ofxUITextInput.cpp */,
				85F1E8A61AB830A100A27B0E /* ofxUITextInput.h */,
				85F1E8A71AB830A100A27B0E /* ofxUIToggle.cpp */,
				85F1E8A81AB830A100A27B0E /* ofxUIToggle.h */,
				85F1E8A91AB830A100A27B0E /* ofxUIToggleMatrix.cpp */,
				85F1E8AA1AB830A100A27B0E /* ofxUIToggleMatrix.h */,
				85F1E8AB1AB830A100A27B0E /* ofxUIUtils.h */,
				85F1E8AC1AB830A100A27B0E /* ofxUIValuePlotter.cpp */,
				85F1E8AD1AB830A100A27B0E /* ofxUIValuePlotter.h */,
				85F1E8AE1AB830A100A27B0E /* ofxUIWaveform.cpp */,
				85F1E8AF1AB830A100A27B0E /* ofxUIWaveform.h */,
				85F1E8B01AB830A100A27B0E /* ofxUIWidget.cpp */,
				85F1E8B11AB830A100A27B0E /* ofxUIWidget.h */,
				85F1E8B21AB830A100A27B0E /* ofxUIWidgets.h */,
				85F1E8B31AB830A100A27B0E /* ofxUIWidgetWithLabel.cpp */,
				85F1E8B41AB830A100A27B0E /* ofxUIWidgetWithLabel.h */,
				85F1E8B51AB830A100A27B0E /* ofxUIWrapper.h */,
			);
			name = src;
			path = ../../../addons/ofxUI/src;
			sourceTree = "<group>";
		};
		85F1E8E21AB830B300A27B0E /* ofxTextBox */ = {
			isa = PBXGroup;
			children = (
				85F1E8E31AB830B300A27B0E /* src */,
			);
			name = ofxTextBox;
			sourceTree = "<group>";
		};
		85F1E8E31AB830B300A27B0E /* src */ = {
			isa = PBXGroup;
			children = (
				85F1E8E41AB830B300A27B0E /* ofxTextBox.h */,
			);
			name = src;
			path = ../../../addons/ofxTextBox/src;
			sourceTree = "<group>";
		};
		85F1E8E51AB830C200A27B0E /* ofxTrueTypeFontUC */ = {
			isa = PBXGroup;
			children = (
				85F1E8E61AB830C200A27B0E /* src */,
			);
			name = ofxTrueTypeFontUC;
			sourceTree = "<group>";
		};
		85F1E8E61AB830C200A27B0E /* src */ = {
			isa = PBXGroup;
			children = (
				85F1E8E71AB830C200A27B0E /* ofxTrueTypeFontUC.cpp */,
				85F1E8E81AB830C200A27B0E /* ofxTrueTypeFontUC.h */,
			);
			name = src;
			path = ../../../addons/ofxTrueTypeFontUC/src;
			sourceTree = "<group>";
		};
		85F1E8EA1AB830F700A27B0E /* ofxAbletonLiveSet */ = {
			isa = PBXGroup;
			children = (
				85F1E8EB1AB830F700A27B0E /* src */,
				85F1E8F71AB830F700A27B0E /* libs */,
			);
			name = ofxAbletonLiveSet;
			sourceTree = "<group>";
		};
		85F1E8EB1AB830F700A27B0E /* src */ = {
			isa = PBXGroup;
			children = (
				85F1E8EC1AB830F700A27B0E /* ofxAbletonLiveSet */,
				85F1E8F61AB830F700A27B0E /* ofxAbletonLiveSet.h */,
			);
			name = src;
			path = ../../../addons/ofxAbletonLiveSet/src;
			sourceTree = "<group>";
		};
		85F1E8EC1AB830F700A27B0E /* ofxAbletonLiveSet */ = {
			isa = PBXGroup;
			children = (
				85F1E8ED1AB830F700A27B0E /* Constants.h */,
				85F1E8EE1AB830F700A27B0E /* EventHandler.cpp */,
				85F1E8EF1AB830F700A27B0E /* EventHandler.h */,
				85F1E8F01AB830F700A27B0E /* Model.cpp */,
				85F1E8F11AB830F700A27B0E /* Model.h */,
				85F1E8F21AB830F700A27B0E /* Parser.cpp */,
				85F1E8F31AB830F700A27B0E /* Parser.h */,
				85F1E8F41AB830F700A27B0E /* Tempo.cpp */,
				85F1E8F51AB830F700A27B0E /* Tempo.h */,
			);
			path = ofxAbletonLiveSet;
			sourceTree = "<group>";
		};
		85F1E8F71AB830F700A27B0E /* libs */ = {
			isa = PBXGroup;
			children = (
				85F1E8F81AB830F700A27B0E /* pugixml */,
			);
			name = libs;
			path = ../../../addons/ofxAbletonLiveSet/libs;
			sourceTree = "<group>";
		};
		85F1E8F81AB830F700A27B0E /* pugixml */ = {
			isa = PBXGroup;
			children = (
				85F1E8F91AB830F700A27B0E /* readme.txt */,
				85F1E8FA1AB830F700A27B0E /* src */,
			);
			path = pugixml;
			sourceTree = "<group>";
		};
		85F1E8FA1AB830F700A27B0E /* src */ = {
			isa = PBXGroup;
			children = (
				85F1E8FB1AB830F700A27B0E /* pugiconfig.hpp */,
				85F1E8FC1AB830F700A27B0E /* pugixml.cpp */,
				85F1E8FD1AB830F700A27B0E /* pugixml.hpp */,
			);
			path = src;
			sourceTree = "<group>";
		};
		85F1E9031AB8310200A27B0E /* ofxAssimpModelLoader */ = {
			isa = PBXGroup;
			children = (
				85F1E9041AB8310200A27B0E /* src */,
				85F1E90E1AB8310200A27B0E /* libs */,
			);
			name = ofxAssimpModelLoader;
			sourceTree = "<group>";
		};
		85F1E9041AB8310200A27B0E /* src */ = {
			isa = PBXGroup;
			children = (
				85F1E9051AB8310200A27B0E /* ofxAssimpAnimation.cpp */,
				85F1E9061AB8310200A27B0E /* ofxAssimpAnimation.h */,
				85F1E9071AB8310200A27B0E /* ofxAssimpMeshHelper.cpp */,
				85F1E9081AB8310200A27B0E /* ofxAssimpMeshHelper.h */,
				85F1E9091AB8310200A27B0E /* ofxAssimpModelLoader.cpp */,
				85F1E90A1AB8310200A27B0E /* ofxAssimpModelLoader.h */,
				85F1E90B1AB8310200A27B0E /* ofxAssimpTexture.cpp */,
				85F1E90C1AB8310200A27B0E /* ofxAssimpTexture.h */,
				85F1E90D1AB8310200A27B0E /* ofxAssimpUtils.h */,
			);
			name = src;
			path = ../../../addons/ofxAssimpModelLoader/src;
			sourceTree = "<group>";
		};
		85F1E90E1AB8310200A27B0E /* libs */ = {
			isa = PBXGroup;
			children = (
				85F1E90F1AB8310200A27B0E /* assimp */,
			);
			name = libs;
			path = ../../../addons/ofxAssimpModelLoader/libs;
			sourceTree = "<group>";
		};
		85F1E90F1AB8310200A27B0E /* assimp */ = {
			isa = PBXGroup;
			children = (
				85F1E9101AB8310200A27B0E /* include */,
				85F1E9361AB8310200A27B0E /* lib */,
			);
			path = assimp;
			sourceTree = "<group>";
		};
		85F1E9101AB8310200A27B0E /* include */ = {
			isa = PBXGroup;
			children = (
				85F1E9111AB8310200A27B0E /* aiAnim.h */,
				85F1E9121AB8310200A27B0E /* aiAssert.h */,
				85F1E9131AB8310200A27B0E /* aiCamera.h */,
				85F1E9141AB8310200A27B0E /* aiColor4D.h */,
				85F1E9151AB8310200A27B0E /* aiColor4D.inl */,
				85F1E9161AB8310200A27B0E /* aiConfig.h */,
				85F1E9171AB8310200A27B0E /* aiDefines.h */,
				85F1E9181AB8310200A27B0E /* aiFileIO.h */,
				85F1E9191AB8310200A27B0E /* aiLight.h */,
				85F1E91A1AB8310200A27B0E /* aiMaterial.h */,
				85F1E91B1AB8310200A27B0E /* aiMaterial.inl */,
				85F1E91C1AB8310200A27B0E /* aiMatrix3x3.h */,
				85F1E91D1AB8310200A27B0E /* aiMatrix3x3.inl */,
				85F1E91E1AB8310200A27B0E /* aiMatrix4x4.h */,
				85F1E91F1AB8310200A27B0E /* aiMatrix4x4.inl */,
				85F1E9201AB8310200A27B0E /* aiMesh.h */,
				85F1E9211AB8310200A27B0E /* aiPostProcess.h */,
				85F1E9221AB8310200A27B0E /* aiQuaternion.h */,
				85F1E9231AB8310200A27B0E /* aiScene.h */,
				85F1E9241AB8310200A27B0E /* aiTexture.h */,
				85F1E9251AB8310200A27B0E /* aiTypes.h */,
				85F1E9261AB8310200A27B0E /* aiVector2D.h */,
				85F1E9271AB8310200A27B0E /* aiVector3D.h */,
				85F1E9281AB8310200A27B0E /* aiVector3D.inl */,
				85F1E9291AB8310200A27B0E /* aiVersion.h */,
				85F1E92A1AB8310200A27B0E /* assimp.h */,
				85F1E92B1AB8310200A27B0E /* assimp.hpp */,
				85F1E92C1AB8310200A27B0E /* Compiler */,
				85F1E92F1AB8310200A27B0E /* DefaultLogger.h */,
				85F1E9301AB8310200A27B0E /* IOStream.h */,
				85F1E9311AB8310200A27B0E /* IOSystem.h */,
				85F1E9321AB8310200A27B0E /* Logger.h */,
				85F1E9331AB8310200A27B0E /* LogStream.h */,
				85F1E9341AB8310200A27B0E /* NullLogger.h */,
				85F1E9351AB8310200A27B0E /* ProgressHandler.h */,
			);
			path = include;
			sourceTree = "<group>";
		};
		85F1E92C1AB8310200A27B0E /* Compiler */ = {
			isa = PBXGroup;
			children = (
				85F1E92D1AB8310200A27B0E /* poppack1.h */,
				85F1E92E1AB8310200A27B0E /* pushpack1.h */,
			);
			path = Compiler;
			sourceTree = "<group>";
		};
		85F1E9361AB8310200A27B0E /* lib */ = {
			isa = PBXGroup;
			children = (
				85F1E9421AB8310200A27B0E /* osx */,
			);
			path = lib;
			sourceTree = "<group>";
		};
		85F1E9421AB8310200A27B0E /* osx */ = {
			isa = PBXGroup;
			children = (
				85F1E9431AB8310200A27B0E /* assimp.a */,
			);
			path = osx;
			sourceTree = "<group>";
		};
		BB4B014C10F69532006C3DED /* addons */ = {
			isa = PBXGroup;
			children = (
				85F1E9031AB8310200A27B0E /* ofxAssimpModelLoader */,
				85F1E8EA1AB830F700A27B0E /* ofxAbletonLiveSet */,
				85F1E8E51AB830C200A27B0E /* ofxTrueTypeFontUC */,
				85F1E8E21AB830B300A27B0E /* ofxTextBox */,
				85F1E8561AB830A100A27B0E /* ofxUI */,
				85F1E8491AB8308300A27B0E /* ofxXmlSettings */,
			);
			name = addons;
			sourceTree = "<group>";
		};
		D7DD78391029ADC196786413 /* effects */ = {
			isa = PBXGroup;
			children = (
				3EA6183E7E925AEF111E8587 /* basicEffect.cpp */,
				F19E4F7003214B080BB274A0 /* basicEffect.h */,
				5902A8EFA3895514E29B493F /* effects.h */,
				8BBE8529836C359CD91AF645 /* lineEffect.cpp */,
				1D3A4DA49063121833C4C0CC /* lineEffect.h */,
				7ED21C2D7A0039C25D650078 /* lineEffectLine.cpp */,
				7E0B368BEB7C21AF9128E4A2 /* lineEffectLine.h */,
			);
			name = effects;
			sourceTree = "<group>";
		};
		E4328144138ABC890047C5CB /* Products */ = {
			isa = PBXGroup;
			children = (
				E4328148138ABC890047C5CB /* openFrameworksDebug.a */,
			);
			name = Products;
			sourceTree = "<group>";
		};
		E4B69B4A0A3A1720003C02F2 = {
			isa = PBXGroup;
			children = (
				E4B6FCAD0C3E899E008CF71C /* openFrameworks-Info.plist */,
				E4EB6923138AFD0F00A09F29 /* Project.xcconfig */,
				E4B69E1C0A3A1BDC003C02F2 /* src */,
				E4EEC9E9138DF44700A80321 /* openFrameworks */,
				BB4B014C10F69532006C3DED /* addons */,
				E4B69B5B0A3A1756003C02F2 /* karmaMapperDebug.app */,
			);
			sourceTree = "<group>";
		};
		E4B69E1C0A3A1BDC003C02F2 /* src */ = {
			isa = PBXGroup;
			children = (
				E4B69E1D0A3A1BDC003C02F2 /* main.cpp */,
				E4B69E1E0A3A1BDC003C02F2 /* ofApp.cpp */,
				E4B69E1F0A3A1BDC003C02F2 /* ofApp.h */,
				457EE040F1A22E81908D1342 /* animationController.cpp */,
				B88823888A700E73A49596DC /* animationController.h */,
				D7DD78391029ADC196786413 /* effects */,
				95FC55B54A37A11F5459C828 /* karmaSoundAnalyser.cpp */,
				4327029352921205F445F068 /* karmaSoundAnalyser.h */,
				7A8E7E4B84ADE2E666AB732B /* shapes */,
				C00AC4FF0DFA48DA04990B1D /* shapesEditor.cpp */,
				5C839256E1C741C59DB8E0EA /* shapesEditor.h */,
				474F5C0B2D65582B7B6AF59F /* shapesServer.cpp */,
				AF4BC6731DBFB77396127F7E /* shapesServer.h */,
			);
			path = src;
			sourceTree = SOURCE_ROOT;
		};
		E4EEC9E9138DF44700A80321 /* openFrameworks */ = {
			isa = PBXGroup;
			children = (
				E4EB691F138AFCF100A09F29 /* CoreOF.xcconfig */,
				E4328143138ABC890047C5CB /* openFrameworksLib.xcodeproj */,
			);
			name = openFrameworks;
			sourceTree = "<group>";
		};
/* End PBXGroup section */

/* Begin PBXNativeTarget section */
		E4B69B5A0A3A1756003C02F2 /* karmaMapper */ = {
			isa = PBXNativeTarget;
			buildConfigurationList = E4B69B5F0A3A1757003C02F2 /* Build configuration list for PBXNativeTarget "karmaMapper" */;
			buildPhases = (
				E4B69B580A3A1756003C02F2 /* Sources */,
				E4B69B590A3A1756003C02F2 /* Frameworks */,
				E4B6FFFD0C3F9AB9008CF71C /* ShellScript */,
				E4C2427710CC5ABF004149E2 /* CopyFiles */,
			);
			buildRules = (
			);
			dependencies = (
				E4EEB9AC138B136A00A80321 /* PBXTargetDependency */,
			);
			name = karmaMapper;
			productName = myOFApp;
			productReference = E4B69B5B0A3A1756003C02F2 /* karmaMapperDebug.app */;
			productType = "com.apple.product-type.application";
		};
/* End PBXNativeTarget section */

/* Begin PBXProject section */
		E4B69B4C0A3A1720003C02F2 /* Project object */ = {
			isa = PBXProject;
			attributes = {
				LastUpgradeCheck = 0600;
			};
			buildConfigurationList = E4B69B4D0A3A1720003C02F2 /* Build configuration list for PBXProject "karmaMapper" */;
			compatibilityVersion = "Xcode 3.2";
			developmentRegion = English;
			hasScannedForEncodings = 0;
			knownRegions = (
				English,
				Japanese,
				French,
				German,
			);
			mainGroup = E4B69B4A0A3A1720003C02F2;
			productRefGroup = E4B69B4A0A3A1720003C02F2;
			projectDirPath = "";
			projectReferences = (
				{
					ProductGroup = E4328144138ABC890047C5CB /* Products */;
					ProjectRef = E4328143138ABC890047C5CB /* openFrameworksLib.xcodeproj */;
				},
			);
			projectRoot = "";
			targets = (
				E4B69B5A0A3A1756003C02F2 /* karmaMapper */,
			);
		};
/* End PBXProject section */

/* Begin PBXReferenceProxy section */
		E4328148138ABC890047C5CB /* openFrameworksDebug.a */ = {
			isa = PBXReferenceProxy;
			fileType = archive.ar;
			path = openFrameworksDebug.a;
			remoteRef = E4328147138ABC890047C5CB /* PBXContainerItemProxy */;
			sourceTree = BUILT_PRODUCTS_DIR;
		};
/* End PBXReferenceProxy section */

/* Begin PBXShellScriptBuildPhase section */
		E4B6FFFD0C3F9AB9008CF71C /* ShellScript */ = {
			isa = PBXShellScriptBuildPhase;
			buildActionMask = 2147483647;
			files = (
			);
			inputPaths = (
			);
			outputPaths = (
			);
			runOnlyForDeploymentPostprocessing = 0;
			shellPath = /bin/sh;
			shellScript = "cp -f ../../../libs/fmodex/lib/osx/libfmodex.dylib \"$TARGET_BUILD_DIR/$PRODUCT_NAME.app/Contents/MacOS/libfmodex.dylib\"; install_name_tool -change ./libfmodex.dylib @executable_path/libfmodex.dylib \"$TARGET_BUILD_DIR/$PRODUCT_NAME.app/Contents/MacOS/$PRODUCT_NAME\";\nmkdir -p \"$TARGET_BUILD_DIR/$PRODUCT_NAME.app/Contents/Resources/\"\ncp -f \"$ICON_FILE\" \"$TARGET_BUILD_DIR/$PRODUCT_NAME.app/Contents/Resources/\"\n";
		};
/* End PBXShellScriptBuildPhase section */

/* Begin PBXSourcesBuildPhase section */
		E4B69B580A3A1756003C02F2 /* Sources */ = {
			isa = PBXSourcesBuildPhase;
			buildActionMask = 2147483647;
			files = (
				E4B69E200A3A1BDC003C02F2 /* main.cpp in Sources */,
				85F1E8D61AB830A100A27B0E /* ofxUISpacer.cpp in Sources */,
				85F1E8C31AB830A100A27B0E /* ofxUIImageButton.cpp in Sources */,
				85F1E8C21AB830A100A27B0E /* ofxUIImage.cpp in Sources */,
				E4B69E210A3A1BDC003C02F2 /* ofApp.cpp in Sources */,
				85F1E8BD1AB830A100A27B0E /* ofxUIDragableLabelButton.cpp in Sources */,
				85F1E8551AB8308300A27B0E /* tinyxmlparser.cpp in Sources */,
				85F1E8DA1AB830A100A27B0E /* ofxUITextArea.cpp in Sources */,
				85F1E8FE1AB830F700A27B0E /* EventHandler.cpp in Sources */,
				85F1E8E11AB830A100A27B0E /* ofxUIWidgetWithLabel.cpp in Sources */,
				85F1E8B71AB830A100A27B0E /* ofxUI2DPad.cpp in Sources */,
				F994128226E6BC64D49D22A8 /* animationController.cpp in Sources */,
				85F1E8B91AB830A100A27B0E /* ofxUIBiLabelSlider.cpp in Sources */,
				50F666D143E446BDF89A7744 /* basicEffect.cpp in Sources */,
				85F1E8D51AB830A100A27B0E /* ofxUISortableList.cpp in Sources */,
				85F1E9011AB830F700A27B0E /* Tempo.cpp in Sources */,
				85F1E8DC1AB830A100A27B0E /* ofxUIToggle.cpp in Sources */,
				85F1E8D41AB830A100A27B0E /* ofxUISlider.cpp in Sources */,
				85F1E8531AB8308300A27B0E /* tinyxml.cpp in Sources */,
				85F1E8D31AB830A100A27B0E /* ofxUIScrollableCanvas.cpp in Sources */,
				85F1E8C61AB830A100A27B0E /* ofxUIImageToggle.cpp in Sources */,
				85F1E8CB1AB830A100A27B0E /* ofxUIMovingGraph.cpp in Sources */,
				85F1E8C11AB830A100A27B0E /* ofxUIFPSSlider.cpp in Sources */,
				85F1E8CC1AB830A100A27B0E /* ofxUIMultiImageButton.cpp in Sources */,
				85F1E8DE1AB830A100A27B0E /* ofxUIValuePlotter.cpp in Sources */,
				85F1E8DB1AB830A100A27B0E /* ofxUITextInput.cpp in Sources */,
				85F1E9021AB830F700A27B0E /* pugixml.cpp in Sources */,
				85F1E8C81AB830A100A27B0E /* ofxUILabelButton.cpp in Sources */,
				85F1E8E01AB830A100A27B0E /* ofxUIWidget.cpp in Sources */,
				85F1E8BA1AB830A100A27B0E /* ofxUIButton.cpp in Sources */,
				F44C901AFB6802AB90E26871 /* lineEffect.cpp in Sources */,
				85F1E9491AB8310200A27B0E /* ofxAssimpMeshHelper.cpp in Sources */,
				087C79A4D8B1642D7F9676D4 /* lineEffectLine.cpp in Sources */,
				85F1E8C91AB830A100A27B0E /* ofxUILabelToggle.cpp in Sources */,
				85F1E8B81AB830A100A27B0E /* ofxUIBaseDraws.cpp in Sources */,
				85F1E8541AB8308300A27B0E /* tinyxmlerror.cpp in Sources */,
				85F1E8B61AB830A100A27B0E /* ofxUI2DGraph.cpp in Sources */,
				85F1E8CA1AB830A100A27B0E /* ofxUIMinimalSlider.cpp in Sources */,
				85F1E94B1AB8310200A27B0E /* ofxAssimpTexture.cpp in Sources */,
				4DC317F76A962C12815D6D2F /* karmaSoundAnalyser.cpp in Sources */,
				85F1E8BC1AB830A100A27B0E /* ofxUICircleSlider.cpp in Sources */,
				636C153A8236D32CF4313857 /* basicShape.cpp in Sources */,
				85F1E8D71AB830A100A27B0E /* ofxUISpectrum.cpp in Sources */,
				85F1E8D81AB830A100A27B0E /* ofxUISuperCanvas.cpp in Sources */,
				85F1E8C41AB830A100A27B0E /* ofxUIImageSampler.cpp in Sources */,
				85F1E8D91AB830A100A27B0E /* ofxUITabBar.cpp in Sources */,
				85F1E8BB1AB830A100A27B0E /* ofxUICanvas.cpp in Sources */,
				85F1E8BF1AB830A100A27B0E /* ofxUIEventArgs.cpp in Sources */,
				85F1E8D21AB830A100A27B0E /* ofxUIRotarySlider.cpp in Sources */,
				85F1E8C01AB830A100A27B0E /* ofxUIFPS.cpp in Sources */,
				85F1E8E91AB830C200A27B0E /* ofxTrueTypeFontUC.cpp in Sources */,
				85F1E8D01AB830A100A27B0E /* ofxUIRangeSlider.cpp in Sources */,
				85F1E8BE1AB830A100A27B0E /* ofxUIDropDownList.cpp in Sources */,
				FA11B6EBAB0ED4BA917879F4 /* movablePoint.cpp in Sources */,
				85F1E8C71AB830A100A27B0E /* ofxUILabel.cpp in Sources */,
				85F1E9001AB830F700A27B0E /* Parser.cpp in Sources */,
				85F1E8DF1AB830A100A27B0E /* ofxUIWaveform.cpp in Sources */,
				85F1E94A1AB8310200A27B0E /* ofxAssimpModelLoader.cpp in Sources */,
				85F1E8CF1AB830A100A27B0E /* ofxUIRadio.cpp in Sources */,
				85F1E9481AB8310200A27B0E /* ofxAssimpAnimation.cpp in Sources */,
				85F1E8DD1AB830A100A27B0E /* ofxUIToggleMatrix.cpp in Sources */,
				85F1E8CD1AB830A100A27B0E /* ofxUIMultiImageToggle.cpp in Sources */,
				85F1E8C51AB830A100A27B0E /* ofxUIImageSlider.cpp in Sources */,
				85F1E8CE1AB830A100A27B0E /* ofxUINumberDialer.cpp in Sources */,
				85F1E8D11AB830A100A27B0E /* ofxUIRectangle.cpp in Sources */,
				40B7466515686602BE33EBD4 /* vertexShape.cpp in Sources */,
				DD6D172FAEA0FDD88D2847E5 /* shapesEditor.cpp in Sources */,
				85F1E8FF1AB830F700A27B0E /* Model.cpp in Sources */,
				85F1E8521AB8308300A27B0E /* ofxXmlSettings.cpp in Sources */,
				20A789B9414F7D09F4A497DE /* shapesServer.cpp in Sources */,
			);
			runOnlyForDeploymentPostprocessing = 0;
		};
/* End PBXSourcesBuildPhase section */

/* Begin PBXTargetDependency section */
		E4EEB9AC138B136A00A80321 /* PBXTargetDependency */ = {
			isa = PBXTargetDependency;
			name = openFrameworks;
			targetProxy = E4EEB9AB138B136A00A80321 /* PBXContainerItemProxy */;
		};
/* End PBXTargetDependency section */

/* Begin XCBuildConfiguration section */
		E4B69B4E0A3A1720003C02F2 /* Debug */ = {
			isa = XCBuildConfiguration;
			baseConfigurationReference = E4EB6923138AFD0F00A09F29 /* Project.xcconfig */;
			buildSettings = {
				ARCHS = "$(ARCHS_STANDARD_32_BIT)";
				CONFIGURATION_BUILD_DIR = "$(SRCROOT)/bin/";
				COPY_PHASE_STRIP = NO;
				DEAD_CODE_STRIPPING = YES;
				GCC_AUTO_VECTORIZATION = YES;
				GCC_ENABLE_SSE3_EXTENSIONS = YES;
				GCC_ENABLE_SUPPLEMENTAL_SSE3_INSTRUCTIONS = YES;
				GCC_INLINES_ARE_PRIVATE_EXTERN = NO;
				GCC_OPTIMIZATION_LEVEL = 0;
				GCC_SYMBOLS_PRIVATE_EXTERN = NO;
				GCC_WARN_ABOUT_DEPRECATED_FUNCTIONS = YES;
				GCC_WARN_ABOUT_INVALID_OFFSETOF_MACRO = NO;
				GCC_WARN_ALLOW_INCOMPLETE_PROTOCOL = NO;
				GCC_WARN_UNINITIALIZED_AUTOS = NO;
				GCC_WARN_UNUSED_VALUE = NO;
				GCC_WARN_UNUSED_VARIABLE = NO;
				HEADER_SEARCH_PATHS = (
					"$(OF_CORE_HEADERS)",
					../../../addons/libs,
					../../../addons/src,
					src,
					src/effects,
					src/shapes,
				);
				MACOSX_DEPLOYMENT_TARGET = 10.6;
				ONLY_ACTIVE_ARCH = YES;
				OTHER_CPLUSPLUSFLAGS = (
					"-D__MACOSX_CORE__",
					"-lpthread",
					"-mtune=native",
				);
				SDKROOT = macosx;
			};
			name = Debug;
		};
		E4B69B4F0A3A1720003C02F2 /* Release */ = {
			isa = XCBuildConfiguration;
			baseConfigurationReference = E4EB6923138AFD0F00A09F29 /* Project.xcconfig */;
			buildSettings = {
				ARCHS = "$(ARCHS_STANDARD_32_BIT)";
				CONFIGURATION_BUILD_DIR = "$(SRCROOT)/bin/";
				COPY_PHASE_STRIP = YES;
				DEAD_CODE_STRIPPING = YES;
				GCC_AUTO_VECTORIZATION = YES;
				GCC_ENABLE_SSE3_EXTENSIONS = YES;
				GCC_ENABLE_SUPPLEMENTAL_SSE3_INSTRUCTIONS = YES;
				GCC_INLINES_ARE_PRIVATE_EXTERN = NO;
				GCC_OPTIMIZATION_LEVEL = 3;
				GCC_SYMBOLS_PRIVATE_EXTERN = NO;
				GCC_UNROLL_LOOPS = YES;
				GCC_WARN_ABOUT_DEPRECATED_FUNCTIONS = YES;
				GCC_WARN_ABOUT_INVALID_OFFSETOF_MACRO = NO;
				GCC_WARN_ALLOW_INCOMPLETE_PROTOCOL = NO;
				GCC_WARN_UNINITIALIZED_AUTOS = NO;
				GCC_WARN_UNUSED_VALUE = NO;
				GCC_WARN_UNUSED_VARIABLE = NO;
				HEADER_SEARCH_PATHS = (
					"$(OF_CORE_HEADERS)",
					../../../addons/libs,
					../../../addons/src,
					src,
					src/effects,
					src/shapes,
				);
				MACOSX_DEPLOYMENT_TARGET = 10.6;
				OTHER_CPLUSPLUSFLAGS = (
					"-D__MACOSX_CORE__",
					"-lpthread",
					"-mtune=native",
				);
				SDKROOT = macosx;
			};
			name = Release;
		};
		E4B69B600A3A1757003C02F2 /* Debug */ = {
			isa = XCBuildConfiguration;
			buildSettings = {
				COMBINE_HIDPI_IMAGES = YES;
				COPY_PHASE_STRIP = NO;
				FRAMEWORK_SEARCH_PATHS = (
					"$(inherited)",
					"$(FRAMEWORK_SEARCH_PATHS_QUOTED_FOR_TARGET_1)",
				);
				FRAMEWORK_SEARCH_PATHS_QUOTED_FOR_TARGET_1 = "\"$(SRCROOT)/../../../libs/glut/lib/osx\"";
				GCC_DYNAMIC_NO_PIC = NO;
				GCC_GENERATE_DEBUGGING_SYMBOLS = YES;
				GCC_MODEL_TUNING = NONE;
				ICON = "$(ICON_NAME_DEBUG)";
				ICON_FILE = "$(ICON_FILE_PATH)$(ICON)";
				INFOPLIST_FILE = "openFrameworks-Info.plist";
				INSTALL_PATH = "$(HOME)/Applications";
				LIBRARY_SEARCH_PATHS = (
					"$(inherited)",
					/Developer/openFrameworks/addons/ofxAssimpModelLoader/libs/assimp/lib/osx,
				);
				PRODUCT_NAME = "$(TARGET_NAME)Debug";
				USER_HEADER_SEARCH_PATHS = ../../../addons/ofxAssimpModelLoader/libs/assimp/include/;
				WRAPPER_EXTENSION = app;
			};
			name = Debug;
		};
		E4B69B610A3A1757003C02F2 /* Release */ = {
			isa = XCBuildConfiguration;
			buildSettings = {
				COMBINE_HIDPI_IMAGES = YES;
				COPY_PHASE_STRIP = YES;
				FRAMEWORK_SEARCH_PATHS = (
					"$(inherited)",
					"$(FRAMEWORK_SEARCH_PATHS_QUOTED_FOR_TARGET_1)",
				);
				FRAMEWORK_SEARCH_PATHS_QUOTED_FOR_TARGET_1 = "\"$(SRCROOT)/../../../libs/glut/lib/osx\"";
				GCC_GENERATE_DEBUGGING_SYMBOLS = YES;
				GCC_MODEL_TUNING = NONE;
				ICON = "$(ICON_NAME_RELEASE)";
				ICON_FILE = "$(ICON_FILE_PATH)$(ICON)";
				INFOPLIST_FILE = "openFrameworks-Info.plist";
				INSTALL_PATH = "$(HOME)/Applications";
				LIBRARY_SEARCH_PATHS = (
					"$(inherited)",
					/Developer/openFrameworks/addons/ofxAssimpModelLoader/libs/assimp/lib/osx,
				);
				PRODUCT_NAME = "$(TARGET_NAME)";
				USER_HEADER_SEARCH_PATHS = ../../../addons/ofxAssimpModelLoader/libs/assimp/include/;
				WRAPPER_EXTENSION = app;
			};
			name = Release;
		};
/* End XCBuildConfiguration section */

/* Begin XCConfigurationList section */
		E4B69B4D0A3A1720003C02F2 /* Build configuration list for PBXProject "karmaMapper" */ = {
			isa = XCConfigurationList;
			buildConfigurations = (
				E4B69B4E0A3A1720003C02F2 /* Debug */,
				E4B69B4F0A3A1720003C02F2 /* Release */,
			);
			defaultConfigurationIsVisible = 0;
			defaultConfigurationName = Release;
		};
		E4B69B5F0A3A1757003C02F2 /* Build configuration list for PBXNativeTarget "karmaMapper" */ = {
			isa = XCConfigurationList;
			buildConfigurations = (
				E4B69B600A3A1757003C02F2 /* Debug */,
				E4B69B610A3A1757003C02F2 /* Release */,
			);
			defaultConfigurationIsVisible = 0;
			defaultConfigurationName = Release;
		};
/* End XCConfigurationList section */
	};
	rootObject = E4B69B4C0A3A1720003C02F2 /* Project object */;
}
